<?xml version="1.0" encoding="utf-8"?>
<Project ToolsVersion="4.0" xmlns="http://schemas.microsoft.com/developer/msbuild/2003">
  <ItemGroup>
    <Filter Include="00. MainFrame">
      <UniqueIdentifier>{a723117f-56fd-4566-91b8-a5322691fc6f}</UniqueIdentifier>
    </Filter>
    <Filter Include="01. View">
      <UniqueIdentifier>{0fb5ec24-6c64-499c-abaa-18780e579ce5}</UniqueIdentifier>
    </Filter>
    <Filter Include="02. MainApp">
      <UniqueIdentifier>{e0306fb7-958c-45a4-bdce-b0556a0e286b}</UniqueIdentifier>
    </Filter>
    <Filter Include="03. Scene">
      <UniqueIdentifier>{71be49a6-65d0-4c28-92fe-e1bb70a88810}</UniqueIdentifier>
    </Filter>
    <Filter Include="99. Headers">
      <UniqueIdentifier>{dd91bdd1-988f-4427-8e07-7637ef7b5701}</UniqueIdentifier>
    </Filter>
    <Filter Include="999. Default">
      <UniqueIdentifier>{b6d7b28b-55b4-4f07-b3ca-8b10a8e8905c}</UniqueIdentifier>
    </Filter>
    <Filter Include="999. Default\리소스 파일">
      <UniqueIdentifier>{67DA6AB6-F800-4c08-8B7A-83BB121AAD01}</UniqueIdentifier>
      <Extensions>rc;ico;cur;bmp;dlg;rc2;rct;bin;rgs;gif;jpg;jpeg;jpe;resx;tiff;tif;png;wav;mfcribbon-ms</Extensions>
    </Filter>
    <Filter Include="01. View\00. MainView">
      <UniqueIdentifier>{1dd1a2bf-856c-4cc3-a469-4acfde5ac3d5}</UniqueIdentifier>
    </Filter>
    <Filter Include="01. View\01. ModifyView">
      <UniqueIdentifier>{6dabfe17-feb5-4612-9fc2-961685f2f1a5}</UniqueIdentifier>
    </Filter>
    <Filter Include="04. Tool_Object">
      <UniqueIdentifier>{37291ddc-8727-4918-b53d-f928e01a9b78}</UniqueIdentifier>
    </Filter>
    <Filter Include="05. Utility">
      <UniqueIdentifier>{eed25131-ddd7-4213-a3f5-77d721b4c96d}</UniqueIdentifier>
    </Filter>
    <Filter Include="05. Utility\00. ViewManager">
      <UniqueIdentifier>{0c15c056-77e3-44ad-b731-4229946f21c3}</UniqueIdentifier>
    </Filter>
    <Filter Include="01. View\01. ModifyView\01. Tab_Terrain">
      <UniqueIdentifier>{12b51686-f400-4436-b115-bd919f51b5eb}</UniqueIdentifier>
    </Filter>
    <Filter Include="01. View\01. ModifyView\02. Tab_Mesh">
      <UniqueIdentifier>{a453fd43-3ac1-4096-9fcc-a19cf928ee3e}</UniqueIdentifier>
    </Filter>
    <Filter Include="01. View\01. ModifyView\03. Tab_Camera">
      <UniqueIdentifier>{a6d3df82-30b3-4205-85b2-ef1a31119a8d}</UniqueIdentifier>
    </Filter>
    <Filter Include="01. View\01. ModifyView\04. Tab_Effect">
      <UniqueIdentifier>{f05ae9b9-5af8-4166-851a-47b317ba8c0f}</UniqueIdentifier>
    </Filter>
    <Filter Include="01. View\01. ModifyView\05. Tab_Prototype">
      <UniqueIdentifier>{62297277-0005-403a-a878-642ef773362a}</UniqueIdentifier>
    </Filter>
    <Filter Include="03. Scene\01. Terrain">
      <UniqueIdentifier>{0ee2ab92-82d3-4dde-88c8-cbbac0cc8cc8}</UniqueIdentifier>
    </Filter>
    <Filter Include="03. Scene\02. Mesh">
      <UniqueIdentifier>{0c54aa8c-795e-44af-8d46-93217b235485}</UniqueIdentifier>
    </Filter>
    <Filter Include="03. Scene\03. Camera">
      <UniqueIdentifier>{1b4efc2c-9e60-4807-9e70-003aecd485c0}</UniqueIdentifier>
    </Filter>
    <Filter Include="03. Scene\04. Effect">
      <UniqueIdentifier>{eaebb257-22f4-4e9f-83de-bac48c20b772}</UniqueIdentifier>
    </Filter>
    <Filter Include="03. Scene\05. Prototype">
      <UniqueIdentifier>{281c6e1a-86b1-4692-bdca-1f9b36d2d13f}</UniqueIdentifier>
    </Filter>
    <Filter Include="04. Tool_Object\01. Terrain">
      <UniqueIdentifier>{ce37b00a-1da3-4ca1-943f-3240deffb5e6}</UniqueIdentifier>
    </Filter>
    <Filter Include="04. Tool_Object\02. Mesh">
      <UniqueIdentifier>{79835d77-cc17-4e9d-95c1-99e68c1d898c}</UniqueIdentifier>
    </Filter>
    <Filter Include="04. Tool_Object\03. Camera">
      <UniqueIdentifier>{bfda5dee-ca95-4aa5-8afe-6b9a370bf1d9}</UniqueIdentifier>
    </Filter>
    <Filter Include="04. Tool_Object\04. Effect">
      <UniqueIdentifier>{6545eb5a-3b47-487f-8ba2-bce3646f76af}</UniqueIdentifier>
    </Filter>
    <Filter Include="04. Tool_Object\05. Prototype">
      <UniqueIdentifier>{c29ada9a-bf54-401e-ad03-330843d36585}</UniqueIdentifier>
    </Filter>
    <Filter Include="04. Tool_Object\99. Public">
      <UniqueIdentifier>{667f01b4-f1f0-4baa-8834-d00b5c3120f5}</UniqueIdentifier>
    </Filter>
    <Filter Include="04. Tool_Object\99. Public\Camera">
      <UniqueIdentifier>{e3ac913a-b8df-4da8-9a01-33125bfb0970}</UniqueIdentifier>
    </Filter>
    <Filter Include="04. Tool_Object\99. Public\Camera\Dynamic">
      <UniqueIdentifier>{869ca1cd-6b0e-4650-8668-9188e401a4ad}</UniqueIdentifier>
    </Filter>
    <Filter Include="04. Tool_Object\05. Prototype\SkyBox">
      <UniqueIdentifier>{76e85117-68ca-4eb1-a72b-046e27b45eca}</UniqueIdentifier>
    </Filter>
    <Filter Include="04. Tool_Object\05. Prototype\Terrain">
      <UniqueIdentifier>{e336854c-76d3-4059-bd8f-3f64ee42e6f1}</UniqueIdentifier>
    </Filter>
  </ItemGroup>
  <ItemGroup>
    <ClInclude Include="MainFrm.h">
      <Filter>00. MainFrame</Filter>
    </ClInclude>
    <ClInclude Include="MapToolEZ.h">
      <Filter>999. Default</Filter>
    </ClInclude>
    <ClInclude Include="MapToolEZDoc.h">
      <Filter>999. Default</Filter>
    </ClInclude>
    <ClInclude Include="Resource.h">
      <Filter>999. Default</Filter>
    </ClInclude>
    <ClInclude Include="stdafx.h">
      <Filter>999. Default</Filter>
    </ClInclude>
    <ClInclude Include="targetver.h">
      <Filter>999. Default</Filter>
    </ClInclude>
    <ClInclude Include="Tool_Defines.h">
      <Filter>99. Headers</Filter>
    </ClInclude>
    <ClInclude Include="..\Headers\MainAppTool.h">
      <Filter>02. MainApp</Filter>
    </ClInclude>
    <ClInclude Include="MapToolEZView.h">
      <Filter>01. View\00. MainView</Filter>
    </ClInclude>
    <ClInclude Include="ModifyView.h">
      <Filter>01. View\01. ModifyView</Filter>
    </ClInclude>
    <ClInclude Include="..\Headers\Scene_Proto.h">
      <Filter>03. Scene\05. Prototype</Filter>
    </ClInclude>
    <ClInclude Include="ProtoType_Tab.h">
      <Filter>01. View\01. ModifyView\05. Tab_Prototype</Filter>
    </ClInclude>
    <ClInclude Include="..\Headers\ViewManagerTool.h">
      <Filter>05. Utility\00. ViewManager</Filter>
    </ClInclude>
    <ClInclude Include="Terrain_Tab.h">
      <Filter>01. View\01. ModifyView\01. Tab_Terrain</Filter>
    </ClInclude>
    <ClInclude Include="Mesh_Tab.h">
      <Filter>01. View\01. ModifyView\02. Tab_Mesh</Filter>
    </ClInclude>
    <ClInclude Include="Camera_Tab.h">
      <Filter>01. View\01. ModifyView\03. Tab_Camera</Filter>
    </ClInclude>
    <ClInclude Include="Effect_Tab.h">
      <Filter>01. View\01. ModifyView\04. Tab_Effect</Filter>
    </ClInclude>
    <ClInclude Include="..\Headers\Scene_Terrain.h">
      <Filter>03. Scene\01. Terrain</Filter>
    </ClInclude>
    <ClInclude Include="..\Headers\Scene_Mesh.h">
      <Filter>03. Scene\02. Mesh</Filter>
    </ClInclude>
    <ClInclude Include="..\Headers\Scene_Camera.h">
      <Filter>03. Scene\03. Camera</Filter>
    </ClInclude>
    <ClInclude Include="..\Headers\Scene_Effect.h">
      <Filter>03. Scene\04. Effect</Filter>
    </ClInclude>
    <ClInclude Include="..\Headers\Camera_Dynamic.h">
      <Filter>04. Tool_Object\99. Public\Camera\Dynamic</Filter>
    </ClInclude>
    <ClInclude Include="..\Headers\SkyBox.h">
      <Filter>04. Tool_Object\05. Prototype\SkyBox</Filter>
    </ClInclude>
    <ClInclude Include="..\Headers\Terrain.h">
      <Filter>04. Tool_Object\05. Prototype\Terrain</Filter>
    </ClInclude>
  </ItemGroup>
  <ItemGroup>
    <ClCompile Include="MainFrm.cpp">
      <Filter>00. MainFrame</Filter>
    </ClCompile>
    <ClCompile Include="MapToolEZ.cpp">
      <Filter>999. Default</Filter>
    </ClCompile>
    <ClCompile Include="MapToolEZDoc.cpp">
      <Filter>999. Default</Filter>
    </ClCompile>
    <ClCompile Include="stdafx.cpp">
      <Filter>999. Default</Filter>
    </ClCompile>
    <ClCompile Include="..\Codes\MainAppTool.cpp">
      <Filter>02. MainApp</Filter>
    </ClCompile>
    <ClCompile Include="MapToolEZView.cpp">
      <Filter>01. View\00. MainView</Filter>
    </ClCompile>
    <ClCompile Include="ModifyView.cpp">
      <Filter>01. View\01. ModifyView</Filter>
    </ClCompile>
    <ClCompile Include="..\Codes\Scene_Proto.cpp">
      <Filter>03. Scene\05. Prototype</Filter>
    </ClCompile>
    <ClCompile Include="ProtoType_Tab.cpp">
      <Filter>01. View\01. ModifyView\05. Tab_Prototype</Filter>
    </ClCompile>
    <ClCompile Include="..\Codes\ViewManagerTool.cpp">
      <Filter>05. Utility\00. ViewManager</Filter>
    </ClCompile>
    <ClCompile Include="Terrain_Tab.cpp">
      <Filter>01. View\01. ModifyView\01. Tab_Terrain</Filter>
    </ClCompile>
    <ClCompile Include="Mesh_Tab.cpp">
      <Filter>01. View\01. ModifyView\02. Tab_Mesh</Filter>
    </ClCompile>
    <ClCompile Include="Camera_Tab.cpp">
      <Filter>01. View\01. ModifyView\03. Tab_Camera</Filter>
    </ClCompile>
    <ClCompile Include="Effect_Tab.cpp">
      <Filter>01. View\01. ModifyView\04. Tab_Effect</Filter>
    </ClCompile>
    <ClCompile Include="..\Codes\Scene_Terrain.cpp">
      <Filter>03. Scene\01. Terrain</Filter>
    </ClCompile>
    <ClCompile Include="..\Codes\Scene_Mesh.cpp">
      <Filter>03. Scene\02. Mesh</Filter>
    </ClCompile>
    <ClCompile Include="..\Codes\Scene_Camera.cpp">
      <Filter>03. Scene\03. Camera</Filter>
    </ClCompile>
    <ClCompile Include="..\Codes\Scene_Effect.cpp">
      <Filter>03. Scene\04. Effect</Filter>
    </ClCompile>
    <ClCompile Include="..\Codes\Camera_Dynamic.cpp">
      <Filter>04. Tool_Object\99. Public\Camera\Dynamic</Filter>
    </ClCompile>
    <ClCompile Include="..\Codes\SkyBox.cpp">
      <Filter>04. Tool_Object\05. Prototype\SkyBox</Filter>
    </ClCompile>
    <ClCompile Include="..\Codes\Terrain.cpp">
      <Filter>04. Tool_Object\05. Prototype\Terrain</Filter>
    </ClCompile>
  </ItemGroup>
  <ItemGroup>
    <ResourceCompile Include="MapToolEZ.rc">
      <Filter>999. Default\리소스 파일</Filter>
    </ResourceCompile>
  </ItemGroup>
  <ItemGroup>
    <None Include="res\MapToolEZ.rc2">
      <Filter>999. Default\리소스 파일</Filter>
    </None>
  </ItemGroup>
  <ItemGroup>
    <Image Include="res\MapToolEZDoc.ico">
      <Filter>999. Default\리소스 파일</Filter>
    </Image>
    <Image Include="res\MapToolEZ.ico">
      <Filter>999. Default\리소스 파일</Filter>
    </Image>
    <Image Include="res\Toolbar.bmp">
      <Filter>999. Default\리소스 파일</Filter>
    </Image>
  </ItemGroup>
  <ItemGroup>
    <Text Include="ReadMe.txt">
      <Filter>999. Default</Filter>
    </Text>
  </ItemGroup>
</Project>