<?xml version="1.0" encoding="utf-8"?>
<Project ToolsVersion="4.0" xmlns="http://schemas.microsoft.com/developer/msbuild/2003">
  <ItemGroup>
    <Filter Include="00. MainFrame">
      <UniqueIdentifier>{5c7cb1b3-adac-4e69-91e1-f8948e90cd4b}</UniqueIdentifier>
    </Filter>
    <Filter Include="01. View">
      <UniqueIdentifier>{81dc0bbc-71d1-4219-9cce-73d1e8938d19}</UniqueIdentifier>
    </Filter>
    <Filter Include="02. Utill">
      <UniqueIdentifier>{76712d5c-7f03-44cf-b756-55ea0a47d73a}</UniqueIdentifier>
    </Filter>
    <Filter Include="03. Scene">
      <UniqueIdentifier>{3a6023ab-2908-49b0-8763-05a0b5b3dbf5}</UniqueIdentifier>
    </Filter>
    <Filter Include="04. Object">
      <UniqueIdentifier>{ff006bdd-5456-4bef-af98-628b37a96b33}</UniqueIdentifier>
    </Filter>
    <Filter Include="99. Headers">
      <UniqueIdentifier>{f80b63a9-8e59-45b2-b05a-636e1124eaa2}</UniqueIdentifier>
    </Filter>
    <Filter Include="999. Default">
      <UniqueIdentifier>{8bfffb59-d874-4557-a817-5a996e9d28d4}</UniqueIdentifier>
    </Filter>
    <Filter Include="999. Default\리소스 파일">
      <UniqueIdentifier>{67DA6AB6-F800-4c08-8B7A-83BB121AAD01}</UniqueIdentifier>
      <Extensions>rc;ico;cur;bmp;dlg;rc2;rct;bin;rgs;gif;jpg;jpeg;jpe;resx;tiff;tif;png;wav;mfcribbon-ms</Extensions>
    </Filter>
    <Filter Include="01. View\00. MainView">
      <UniqueIdentifier>{339838a1-c9e8-4a08-b19c-25a9ebe20063}</UniqueIdentifier>
    </Filter>
    <Filter Include="01. View\01. EditorView">
      <UniqueIdentifier>{e4fb4828-70f2-45b6-8411-73d65c825711}</UniqueIdentifier>
    </Filter>
    <Filter Include="02. Utill\00. ViewManager">
      <UniqueIdentifier>{b54cc597-f26d-43ce-b4f4-80d8e6c1a070}</UniqueIdentifier>
    </Filter>
    <Filter Include="01. View\01. EditorView\02. Tab_Mesh">
      <UniqueIdentifier>{362d5afe-bef6-4edb-a004-a90ce92249ce}</UniqueIdentifier>
    </Filter>
    <Filter Include="01. View\01. EditorView\03. Tab_Camera">
      <UniqueIdentifier>{00f46cf1-4468-46df-8e2d-5abce5e5812c}</UniqueIdentifier>
    </Filter>
    <Filter Include="01. View\01. EditorView\04. Tab_Effect">
      <UniqueIdentifier>{a4895260-6c29-44d0-801b-d758d2e0ae8d}</UniqueIdentifier>
    </Filter>
    <Filter Include="01. View\01. EditorView\01. Tab_Terrain">
      <UniqueIdentifier>{2b448624-3e88-432a-9c39-77608f73d2a8}</UniqueIdentifier>
    </Filter>
    <Filter Include="01. View\01. EditorView\05. Tab_Proto">
      <UniqueIdentifier>{6ff2a005-3ffd-4596-90a2-28b2c5e4caaf}</UniqueIdentifier>
    </Filter>
    <Filter Include="02. Utill\01. DataManager">
      <UniqueIdentifier>{e18d0890-fb27-43c4-b272-3c6eba2e14d5}</UniqueIdentifier>
    </Filter>
    <Filter Include="02. Utill\02. FileInfo">
      <UniqueIdentifier>{be35bc64-9e09-4b1a-b555-a9eda85da78d}</UniqueIdentifier>
    </Filter>
    <Filter Include="03. Scene\05. PrototypeScene">
      <UniqueIdentifier>{da358a1c-e022-4c1c-a612-0d80288004e5}</UniqueIdentifier>
    </Filter>
    <Filter Include="03. Scene\01. TerrainScene">
      <UniqueIdentifier>{13b95149-ad31-4799-8f9a-0a156905887a}</UniqueIdentifier>
    </Filter>
    <Filter Include="03. Scene\00. StaticScene">
      <UniqueIdentifier>{2c8aa637-c637-4e85-a1b5-2285a7528188}</UniqueIdentifier>
    </Filter>
    <Filter Include="03. Scene\02. MeshScene">
      <UniqueIdentifier>{f3ccd71e-ca8f-4fb8-82f9-9eba5e811f88}</UniqueIdentifier>
    </Filter>
    <Filter Include="03. Scene\03. CameraScene">
      <UniqueIdentifier>{e4fba548-4f74-4a77-8398-ae12fface064}</UniqueIdentifier>
    </Filter>
    <Filter Include="03. Scene\04. EffectScene">
      <UniqueIdentifier>{c7eca333-3c36-4953-b01f-3ea33116c5db}</UniqueIdentifier>
    </Filter>
    <Filter Include="04. Object\01. Terrain">
      <UniqueIdentifier>{60f93948-e16d-4499-9caf-3f205f23f170}</UniqueIdentifier>
    </Filter>
    <Filter Include="04. Object\00. Static">
      <UniqueIdentifier>{e9d62c29-6996-4c2a-a8b4-50a475a1d7ce}</UniqueIdentifier>
    </Filter>
    <Filter Include="04. Object\02. Mesh">
      <UniqueIdentifier>{1ba9d6a2-1a72-4b34-a5c9-40943fd57e43}</UniqueIdentifier>
    </Filter>
    <Filter Include="04. Object\03. Camera">
      <UniqueIdentifier>{15ad7676-5dbf-4c92-8c61-29b7c54a1eea}</UniqueIdentifier>
    </Filter>
    <Filter Include="04. Object\04. Effect">
      <UniqueIdentifier>{e6ed5f2d-9729-4da7-b2ed-2b8e78022b2b}</UniqueIdentifier>
    </Filter>
    <Filter Include="04. Object\05. Prototype">
      <UniqueIdentifier>{94ba2e99-320e-47eb-ad10-ca78eb62e156}</UniqueIdentifier>
    </Filter>
    <Filter Include="04. Object\00. Static\SkyBox">
      <UniqueIdentifier>{39c169da-1e78-40c8-8aa6-8607ce578077}</UniqueIdentifier>
    </Filter>
    <Filter Include="04. Object\00. Static\Terrain">
      <UniqueIdentifier>{5bad483f-0c70-410f-8afd-e73f0ffb7b3d}</UniqueIdentifier>
    </Filter>
    <Filter Include="02. Utill\03. EventManager">
      <UniqueIdentifier>{44aceecc-da60-4413-8a36-2504288ce30d}</UniqueIdentifier>
    </Filter>
    <Filter Include="98. ETC">
      <UniqueIdentifier>{bf7925dd-b5e5-494b-a393-dd3942373707}</UniqueIdentifier>
    </Filter>
    <Filter Include="02. Utill\04. FileManager">
      <UniqueIdentifier>{da625f30-fa87-4a86-85c6-9d659b3f30ff}</UniqueIdentifier>
    </Filter>
    <Filter Include="04. Object\00. Static\Terrain\Buffer_Terrain">
      <UniqueIdentifier>{d2056be2-f25f-452a-9c27-c48cf1f7256b}</UniqueIdentifier>
    </Filter>
    <Filter Include="97. ShaderFiles">
      <UniqueIdentifier>{2e460c71-da0f-42de-a238-ebc8563095a6}</UniqueIdentifier>
    </Filter>
    <Filter Include="06. Camera">
      <UniqueIdentifier>{bd863beb-3c2a-4198-9a17-98cc4506ac7d}</UniqueIdentifier>
    </Filter>
    <Filter Include="06. Camera\Dynamic">
      <UniqueIdentifier>{f4504de5-5017-4247-8c3f-80cf761e27f3}</UniqueIdentifier>
    </Filter>
    <Filter Include="05. Component">
      <UniqueIdentifier>{e90d825a-d326-4139-a58a-1835b693577a}</UniqueIdentifier>
    </Filter>
    <Filter Include="05. Component\Texture">
      <UniqueIdentifier>{2c3ec4aa-1b9a-4f65-b231-a55705ba7674}</UniqueIdentifier>
    </Filter>
    <Filter Include="04. Object\00. Static\StaticObject">
      <UniqueIdentifier>{94ac379d-8730-46fb-8321-5cdac205c10f}</UniqueIdentifier>
    </Filter>
  </ItemGroup>
  <ItemGroup>
    <ClInclude Include="MainFrm.h">
      <Filter>00. MainFrame</Filter>
    </ClInclude>
    <ClInclude Include="MapToolView.h">
      <Filter>01. View\00. MainView</Filter>
    </ClInclude>
    <ClInclude Include="MapTool.h">
      <Filter>999. Default</Filter>
    </ClInclude>
    <ClInclude Include="MapToolDoc.h">
      <Filter>999. Default</Filter>
    </ClInclude>
    <ClInclude Include="Resource.h">
      <Filter>999. Default</Filter>
    </ClInclude>
    <ClInclude Include="stdafx.h">
      <Filter>999. Default</Filter>
    </ClInclude>
    <ClInclude Include="targetver.h">
      <Filter>999. Default</Filter>
    </ClInclude>
    <ClInclude Include="Tool_Defines.h">
      <Filter>99. Headers</Filter>
    </ClInclude>
    <ClInclude Include="EditorView.h">
      <Filter>01. View\01. EditorView</Filter>
    </ClInclude>
    <ClInclude Include="TerrainTab.h">
      <Filter>01. View\01. EditorView\01. Tab_Terrain</Filter>
    </ClInclude>
    <ClInclude Include="ProtoTab.h">
      <Filter>01. View\01. EditorView\05. Tab_Proto</Filter>
    </ClInclude>
    <ClInclude Include="EffectTab.h">
      <Filter>01. View\01. EditorView\04. Tab_Effect</Filter>
    </ClInclude>
    <ClInclude Include="MeshTab.h">
      <Filter>01. View\01. EditorView\02. Tab_Mesh</Filter>
    </ClInclude>
    <ClInclude Include="CameraTab.h">
      <Filter>01. View\01. EditorView\03. Tab_Camera</Filter>
    </ClInclude>
    <ClInclude Include="..\Headers\SceneProto.h">
      <Filter>03. Scene\05. PrototypeScene</Filter>
    </ClInclude>
    <ClInclude Include="..\Headers\SceneTerrain.h">
      <Filter>03. Scene\01. TerrainScene</Filter>
    </ClInclude>
    <ClInclude Include="..\Headers\ViewManager.h">
      <Filter>02. Utill\00. ViewManager</Filter>
    </ClInclude>
    <ClInclude Include="..\Headers\SceneCamera.h">
      <Filter>03. Scene\03. CameraScene</Filter>
    </ClInclude>
    <ClInclude Include="..\Headers\SceneEffect.h">
      <Filter>03. Scene\04. EffectScene</Filter>
    </ClInclude>
    <ClInclude Include="..\Headers\SceneMesh.h">
      <Filter>03. Scene\02. MeshScene</Filter>
    </ClInclude>
    <ClInclude Include="..\Headers\SceneStatic.h">
      <Filter>03. Scene\00. StaticScene</Filter>
    </ClInclude>
    <ClInclude Include="..\Headers\FileInfo.h">
      <Filter>02. Utill\02. FileInfo</Filter>
    </ClInclude>
    <ClInclude Include="..\Headers\Camera_Dynamic.h">
      <Filter>06. Camera\Dynamic</Filter>
    </ClInclude>
    <ClInclude Include="..\Headers\SkyBox.h">
      <Filter>04. Object\00. Static\SkyBox</Filter>
    </ClInclude>
    <ClInclude Include="..\Headers\Terrain.h">
      <Filter>04. Object\00. Static\Terrain</Filter>
    </ClInclude>
    <ClInclude Include="EventManagerTool.h">
      <Filter>02. Utill\03. EventManager</Filter>
    </ClInclude>
    <ClInclude Include="..\Headers\FileManager.h">
      <Filter>02. Utill\04. FileManager</Filter>
    </ClInclude>
    <ClInclude Include="..\Headers\Buffer_Terrain_Tool.h">
      <Filter>04. Object\00. Static\Terrain\Buffer_Terrain</Filter>
    </ClInclude>
    <ClInclude Include="..\Headers\Texture_Tool.h">
      <Filter>05. Component\Texture</Filter>
    </ClInclude>
    <ClInclude Include="..\Headers\StaticObject.h">
      <Filter>04. Object\00. Static\StaticObject</Filter>
    </ClInclude>
    <ClInclude Include="..\Headers\DataManager.h">
      <Filter>02. Utill\01. DataManager</Filter>
    </ClInclude>
  </ItemGroup>
  <ItemGroup>
    <ClCompile Include="MainFrm.cpp">
      <Filter>00. MainFrame</Filter>
    </ClCompile>
    <ClCompile Include="MapToolView.cpp">
      <Filter>01. View\00. MainView</Filter>
    </ClCompile>
    <ClCompile Include="stdafx.cpp">
      <Filter>999. Default</Filter>
    </ClCompile>
    <ClCompile Include="MapTool.cpp">
      <Filter>999. Default</Filter>
    </ClCompile>
    <ClCompile Include="MapToolDoc.cpp">
      <Filter>999. Default</Filter>
    </ClCompile>
    <ClCompile Include="EditorView.cpp">
      <Filter>01. View\01. EditorView</Filter>
    </ClCompile>
    <ClCompile Include="TerrainTab.cpp">
      <Filter>01. View\01. EditorView\01. Tab_Terrain</Filter>
    </ClCompile>
    <ClCompile Include="ProtoTab.cpp">
      <Filter>01. View\01. EditorView\05. Tab_Proto</Filter>
    </ClCompile>
    <ClCompile Include="EffectTab.cpp">
      <Filter>01. View\01. EditorView\04. Tab_Effect</Filter>
    </ClCompile>
    <ClCompile Include="MeshTab.cpp">
      <Filter>01. View\01. EditorView\02. Tab_Mesh</Filter>
    </ClCompile>
    <ClCompile Include="CameraTab.cpp">
      <Filter>01. View\01. EditorView\03. Tab_Camera</Filter>
    </ClCompile>
    <ClCompile Include="..\Codes\ViewManager.cpp">
      <Filter>02. Utill\00. ViewManager</Filter>
    </ClCompile>
    <ClCompile Include="..\Codes\SceneTerrain.cpp">
      <Filter>03. Scene\01. TerrainScene</Filter>
    </ClCompile>
    <ClCompile Include="..\Codes\SceneProto.cpp">
      <Filter>03. Scene\05. PrototypeScene</Filter>
    </ClCompile>
    <ClCompile Include="..\Codes\SceneCamera.cpp">
      <Filter>03. Scene\03. CameraScene</Filter>
    </ClCompile>
    <ClCompile Include="..\Codes\SceneEffect.cpp">
      <Filter>03. Scene\04. EffectScene</Filter>
    </ClCompile>
    <ClCompile Include="..\Codes\SceneMesh.cpp">
      <Filter>03. Scene\02. MeshScene</Filter>
    </ClCompile>
    <ClCompile Include="..\Codes\SceneStatic.cpp">
      <Filter>03. Scene\00. StaticScene</Filter>
    </ClCompile>
    <ClCompile Include="..\Codes\FileInfo.cpp">
      <Filter>02. Utill\02. FileInfo</Filter>
    </ClCompile>
    <ClCompile Include="..\Codes\Camera_Dynamic.cpp">
      <Filter>06. Camera\Dynamic</Filter>
    </ClCompile>
    <ClCompile Include="..\Codes\Terrain.cpp">
      <Filter>04. Object\00. Static\Terrain</Filter>
    </ClCompile>
    <ClCompile Include="..\Codes\SkyBox.cpp">
      <Filter>04. Object\00. Static\SkyBox</Filter>
    </ClCompile>
    <ClCompile Include="EventManagerTool.cpp">
      <Filter>02. Utill\03. EventManager</Filter>
    </ClCompile>
    <ClCompile Include="..\Codes\FileManager.cpp">
      <Filter>02. Utill\04. FileManager</Filter>
    </ClCompile>
    <ClCompile Include="..\Codes\Buffer_Terrain_Tool.cpp">
      <Filter>04. Object\00. Static\Terrain\Buffer_Terrain</Filter>
    </ClCompile>
    <ClCompile Include="..\Codes\Texture_Tool.cpp">
      <Filter>05. Component\Texture</Filter>
    </ClCompile>
    <ClCompile Include="..\Codes\StaticObject.cpp">
      <Filter>04. Object\00. Static\StaticObject</Filter>
    </ClCompile>
    <ClCompile Include="..\Codes\DataManager.cpp">
      <Filter>02. Utill\01. DataManager</Filter>
    </ClCompile>
  </ItemGroup>
  <ItemGroup>
    <ResourceCompile Include="MapTool.rc">
      <Filter>999. Default\리소스 파일</Filter>
    </ResourceCompile>
  </ItemGroup>
  <ItemGroup>
    <None Include="res\MapTool.rc2">
      <Filter>999. Default\리소스 파일</Filter>
    </None>
  </ItemGroup>
  <ItemGroup>
    <Image Include="res\MapToolDoc.ico">
      <Filter>999. Default\리소스 파일</Filter>
    </Image>
    <Image Include="res\MapTool.ico">
      <Filter>999. Default\리소스 파일</Filter>
    </Image>
    <Image Include="res\Toolbar.bmp">
      <Filter>999. Default\리소스 파일</Filter>
    </Image>
  </ItemGroup>
  <ItemGroup>
    <Text Include="ReadMe.txt">
      <Filter>999. Default</Filter>
    </Text>
  </ItemGroup>
  <ItemGroup>
    <FxCompile Include="..\Bin\ShaderFiles\Shader_Sky.fx">
      <Filter>97. ShaderFiles</Filter>
    </FxCompile>
    <FxCompile Include="..\Bin\ShaderFiles\Shader_Terrain.fx">
      <Filter>97. ShaderFiles</Filter>
    </FxCompile>
    <FxCompile Include="..\Bin\ShaderFiles\Shader_Default.fx">
      <Filter>97. ShaderFiles</Filter>
    </FxCompile>
    <FxCompile Include="..\Bin\ShaderFiles\Shader_Mesh.fx">
      <Filter>97. ShaderFiles</Filter>
    </FxCompile>
  </ItemGroup>
</Project>