<?xml version="1.0" encoding="utf-8"?>
<Project ToolsVersion="4.0" xmlns="http://schemas.microsoft.com/developer/msbuild/2003">
  <ItemGroup>
    <ClInclude Include="..\Headers\Engine_Defines.h">
      <Filter>99. Headers</Filter>
    </ClInclude>
    <ClInclude Include="..\Headers\Engine_Function.h">
      <Filter>99. Headers</Filter>
    </ClInclude>
    <ClInclude Include="..\Headers\Engine_Macro.h">
      <Filter>99. Headers</Filter>
    </ClInclude>
    <ClInclude Include="..\Headers\Engine_Struct.h">
      <Filter>99. Headers</Filter>
    </ClInclude>
    <ClInclude Include="..\Headers\Engine_Typedef.h">
      <Filter>99. Headers</Filter>
    </ClInclude>
    <ClInclude Include="..\Headers\Graphic_Device.h">
      <Filter>00. System\00. Device\Graphic</Filter>
    </ClInclude>
    <ClInclude Include="..\Headers\Base.h">
      <Filter>97. Base</Filter>
    </ClInclude>
    <ClInclude Include="..\Headers\Timer.h">
      <Filter>00. System\01. Timer\Timer</Filter>
    </ClInclude>
    <ClInclude Include="..\Headers\Timer_Manager.h">
      <Filter>00. System\01. Timer\Manager</Filter>
    </ClInclude>
    <ClInclude Include="..\Headers\Scene.h">
      <Filter>01. Utility\00. Management\Scene</Filter>
    </ClInclude>
    <ClInclude Include="..\Headers\Management.h">
      <Filter>01. Utility\00. Management</Filter>
    </ClInclude>
    <ClInclude Include="..\Headers\GameObject.h">
      <Filter>01. Utility\01. GameObject\Object</Filter>
    </ClInclude>
    <ClInclude Include="..\Headers\Object_Manager.h">
      <Filter>01. Utility\01. GameObject\Manager</Filter>
    </ClInclude>
    <ClInclude Include="..\Headers\Layer.h">
      <Filter>01. Utility\01. GameObject\Layer</Filter>
    </ClInclude>
    <ClInclude Include="..\Headers\Engine_Functor.h">
      <Filter>99. Headers</Filter>
    </ClInclude>
    <ClInclude Include="..\Headers\Transform.h">
      <Filter>01. Utility\02. Component\Component\Transform</Filter>
    </ClInclude>
    <ClInclude Include="..\Headers\Component.h">
      <Filter>01. Utility\02. Component\Component</Filter>
    </ClInclude>
    <ClInclude Include="..\Headers\VIBuffer.h">
      <Filter>01. Utility\02. Component\Component\Buffer</Filter>
    </ClInclude>
    <ClInclude Include="..\Headers\Buffer_TriCol.h">
      <Filter>01. Utility\02. Component\Component\Buffer\Triangle_Color</Filter>
    </ClInclude>
    <ClInclude Include="..\Headers\Renderer.h">
      <Filter>01. Utility\02. Component\Component\Renderer</Filter>
    </ClInclude>
    <ClInclude Include="..\Headers\Component_Manager.h">
      <Filter>01. Utility\02. Component\Manager</Filter>
    </ClInclude>
    <ClInclude Include="..\Headers\Buffer_RcCol.h">
      <Filter>01. Utility\02. Component\Component\Buffer\Rectangle_Color</Filter>
    </ClInclude>
    <ClInclude Include="..\Headers\Buffer_RcTex.h">
      <Filter>01. Utility\02. Component\Component\Buffer\Rectangle_Texture</Filter>
    </ClInclude>
    <ClInclude Include="..\Headers\Texture.h">
      <Filter>01. Utility\02. Component\Component\Texture</Filter>
    </ClInclude>
    <ClInclude Include="..\Headers\Buffer_Terrain.h">
      <Filter>01. Utility\02. Component\Component\Buffer\Terrain</Filter>
    </ClInclude>
    <ClInclude Include="..\Headers\Buffer_ScreenTex.h">
      <Filter>01. Utility\02. Component\Component\Buffer\Rectangle_Viewport_Texture</Filter>
    </ClInclude>
    <ClInclude Include="..\Headers\Camera.h">
      <Filter>01. Utility\03. Camera</Filter>
    </ClInclude>
    <ClInclude Include="..\Headers\Input_Device.h">
      <Filter>00. System\00. Device\Input</Filter>
    </ClInclude>
    <ClInclude Include="..\Headers\Buffer_CubeTex.h">
      <Filter>01. Utility\02. Component\Component\Buffer\Buffer_CubeTex</Filter>
    </ClInclude>
    <ClInclude Include="..\Headers\EventManager.h">
      <Filter>01. Utility\09. EventManager</Filter>
    </ClInclude>
    <ClInclude Include="..\Headers\KeyManager.h">
      <Filter>01. Utility\10. KeyManager</Filter>
    </ClInclude>
    <ClInclude Include="..\Headers\Shader.h">
      <Filter>01. Utility\02. Component\Component\Shader</Filter>
    </ClInclude>
    <ClInclude Include="..\Headers\Light.h">
      <Filter>01. Utility\04. Light\Light</Filter>
    </ClInclude>
    <ClInclude Include="..\Headers\Light_Manager.h">
      <Filter>01. Utility\04. Light\Manager</Filter>
    </ClInclude>
    <ClInclude Include="..\Headers\Mesh_Static.h">
      <Filter>01. Utility\02. Component\Component\Mesh\Static</Filter>
    </ClInclude>
    <ClInclude Include="..\Headers\HierarchyLoader.h">
      <Filter>01. Utility\02. Component\Component\Mesh\Dynamic_Normal\Loader_Normal</Filter>
    </ClInclude>
    <ClInclude Include="..\Headers\AnimationCtrl.h">
      <Filter>01. Utility\02. Component\Component\Mesh\Animation</Filter>
    </ClInclude>
    <ClInclude Include="..\Headers\Collider.h">
      <Filter>01. Utility\02. Component\Component\Collider</Filter>
    </ClInclude>
    <ClInclude Include="..\Headers\Navigation.h">
      <Filter>01. Utility\02. Component\Component\Navigation</Filter>
    </ClInclude>
    <ClInclude Include="..\Headers\Cell.h">
      <Filter>01. Utility\02. Component\Component\Navigation\Cell</Filter>
    </ClInclude>
    <ClInclude Include="..\Headers\Frustum.h">
      <Filter>01. Utility\02. Component\Component\Frustum</Filter>
    </ClInclude>
    <ClInclude Include="..\Headers\Mesh_Dynamic_Bone.h">
      <Filter>01. Utility\02. Component\Component\Mesh\Dynamic_Player\Mesh_Dynamic_Bone</Filter>
    </ClInclude>
    <ClInclude Include="..\Headers\Mesh_Dynamic_Parts.h">
      <Filter>01. Utility\02. Component\Component\Mesh\Dynamic_Player\Mesh_Dynamic_Parts</Filter>
    </ClInclude>
    <ClInclude Include="..\Headers\HierarchyLoader_Player.h">
      <Filter>01. Utility\02. Component\Component\Mesh\Dynamic_Player\Loader_Player</Filter>
    </ClInclude>
    <ClInclude Include="..\Headers\Mesh_Dynamic.h">
      <Filter>01. Utility\02. Component\Component\Mesh\Dynamic_Player</Filter>
    </ClInclude>
  </ItemGroup>
  <ItemGroup>
    <Filter Include="00. System">
      <UniqueIdentifier>{699d64c7-0dd3-4af3-b00c-d4aac69ae0dc}</UniqueIdentifier>
    </Filter>
    <Filter Include="97. Base">
      <UniqueIdentifier>{69f7089b-fd50-4f1f-ad2d-d81bccb726fd}</UniqueIdentifier>
    </Filter>
    <Filter Include="99. Headers">
      <UniqueIdentifier>{39c23e4c-1d5a-4d97-ae88-e64a809e05bc}</UniqueIdentifier>
    </Filter>
    <Filter Include="00. System\00. Device">
      <UniqueIdentifier>{75cdf0c9-4901-41f9-b8cf-b2d3bcd1d64e}</UniqueIdentifier>
    </Filter>
    <Filter Include="00. System\00. Device\Graphic">
      <UniqueIdentifier>{ae41c2be-a0da-411b-986b-8b537d169cf6}</UniqueIdentifier>
    </Filter>
    <Filter Include="00. System\01. Timer">
      <UniqueIdentifier>{f6c3e041-90ef-45c4-bafa-5267a35af042}</UniqueIdentifier>
    </Filter>
    <Filter Include="00. System\01. Timer\Manager">
      <UniqueIdentifier>{3cba0554-6888-44d0-b38d-c3ef3f71dcf8}</UniqueIdentifier>
    </Filter>
    <Filter Include="00. System\01. Timer\Timer">
      <UniqueIdentifier>{ff46d053-d028-4faf-a844-7621de155911}</UniqueIdentifier>
    </Filter>
    <Filter Include="01. Utility">
      <UniqueIdentifier>{07315d97-218c-4c09-8671-b2bde6f64061}</UniqueIdentifier>
    </Filter>
    <Filter Include="01. Utility\00. Management">
      <UniqueIdentifier>{ae84c733-4daf-4c7c-b75c-1e9b032e2a66}</UniqueIdentifier>
    </Filter>
    <Filter Include="01. Utility\01. GameObject">
      <UniqueIdentifier>{7bd087ed-9886-4598-a56d-97dd360bda8b}</UniqueIdentifier>
    </Filter>
    <Filter Include="01. Utility\01. GameObject\Manager">
      <UniqueIdentifier>{75915439-94a0-4e29-8381-979cd785c590}</UniqueIdentifier>
    </Filter>
    <Filter Include="01. Utility\01. GameObject\Layer">
      <UniqueIdentifier>{bffd5e57-d6eb-4f96-b0ad-432992637ad8}</UniqueIdentifier>
    </Filter>
    <Filter Include="01. Utility\02. Component">
      <UniqueIdentifier>{ca39f31e-8927-47c5-ac65-1d5d678b9922}</UniqueIdentifier>
    </Filter>
    <Filter Include="01. Utility\02. Component\Component">
      <UniqueIdentifier>{71917891-08ba-4a14-9662-126bc509c250}</UniqueIdentifier>
    </Filter>
    <Filter Include="01. Utility\02. Component\Component\Buffer">
      <UniqueIdentifier>{53081a3f-4999-42e5-a80a-1916b764cfbd}</UniqueIdentifier>
    </Filter>
    <Filter Include="01. Utility\02. Component\Component\Renderer">
      <UniqueIdentifier>{0bd5568c-bbef-4162-a682-3040683de024}</UniqueIdentifier>
    </Filter>
    <Filter Include="01. Utility\02. Component\Component\Texture">
      <UniqueIdentifier>{760901d7-4dd2-410a-bb98-9eec5eb393ff}</UniqueIdentifier>
    </Filter>
    <Filter Include="01. Utility\02. Component\Component\Transform">
      <UniqueIdentifier>{b0f6dfdd-5341-4859-9579-e0f5c8fadb1e}</UniqueIdentifier>
    </Filter>
    <Filter Include="01. Utility\02. Component\Manager">
      <UniqueIdentifier>{8aeb9b86-fd98-49c9-9c2f-01fce8a28517}</UniqueIdentifier>
    </Filter>
    <Filter Include="01. Utility\02. Component\Component\Buffer\Triangle_Color">
      <UniqueIdentifier>{62e57233-5afd-40d5-a029-0204d92825be}</UniqueIdentifier>
    </Filter>
    <Filter Include="01. Utility\02. Component\Component\Buffer\Terrain">
      <UniqueIdentifier>{e3855c97-cb02-4797-bfef-006924314b48}</UniqueIdentifier>
    </Filter>
    <Filter Include="01. Utility\02. Component\Component\Buffer\Rectangle_Color">
      <UniqueIdentifier>{d5b02183-5b5a-4931-99eb-53fefab3b5e1}</UniqueIdentifier>
    </Filter>
    <Filter Include="01. Utility\02. Component\Component\Buffer\Rectangle_Texture">
      <UniqueIdentifier>{a1f908b8-d62b-469f-a8de-1f153c60d39b}</UniqueIdentifier>
    </Filter>
    <Filter Include="01. Utility\02. Component\Component\Buffer\Rectangle_Viewport_Texture">
      <UniqueIdentifier>{f0001d0a-d2ee-4362-9bd8-9e5c03edc13e}</UniqueIdentifier>
    </Filter>
    <Filter Include="00. System\00. Device\Input">
      <UniqueIdentifier>{7363723f-8ff6-4294-abee-19ad5ba7bba3}</UniqueIdentifier>
    </Filter>
    <Filter Include="01. Utility\02. Component\Component\Buffer\Buffer_CubeTex">
      <UniqueIdentifier>{eb2fe68f-9556-4eba-8b68-2b962ac94f8d}</UniqueIdentifier>
    </Filter>
    <Filter Include="01. Utility\01. GameObject\Object">
      <UniqueIdentifier>{ec822105-dee0-492c-a4f2-e11f330cdeb7}</UniqueIdentifier>
    </Filter>
    <Filter Include="01. Utility\00. Management\Scene">
      <UniqueIdentifier>{08a8d8b2-dfed-4c20-9717-a77b9d0fa7a7}</UniqueIdentifier>
    </Filter>
    <Filter Include="01. Utility\02. Component\Component\Shader">
      <UniqueIdentifier>{dfcecbd4-bcd8-446b-a3fc-bee6eb1b211b}</UniqueIdentifier>
    </Filter>
    <Filter Include="01. Utility\10. KeyManager">
      <UniqueIdentifier>{d1b3267a-a41d-4bd8-8364-bb31f472bbac}</UniqueIdentifier>
    </Filter>
    <Filter Include="01. Utility\03. Camera">
      <UniqueIdentifier>{d0c684d7-6ab0-4d72-9e5b-0bd934b1805f}</UniqueIdentifier>
    </Filter>
    <Filter Include="01. Utility\09. EventManager">
      <UniqueIdentifier>{f478ee57-1248-4737-b63c-4428cb9e3646}</UniqueIdentifier>
    </Filter>
    <Filter Include="01. Utility\04. Light">
      <UniqueIdentifier>{5a5d65b7-b11b-41ab-8db2-ae44f81425e0}</UniqueIdentifier>
    </Filter>
    <Filter Include="01. Utility\04. Light\Light">
      <UniqueIdentifier>{2ffd615e-b211-4e92-aafa-53e58e56c2f5}</UniqueIdentifier>
    </Filter>
    <Filter Include="01. Utility\04. Light\Manager">
      <UniqueIdentifier>{ccf6eeec-d17e-4625-83b8-2f0c23f766ca}</UniqueIdentifier>
    </Filter>
    <Filter Include="01. Utility\02. Component\Component\Mesh">
      <UniqueIdentifier>{715c7d8d-2c69-4bf2-bd60-19b2c8fa605f}</UniqueIdentifier>
    </Filter>
    <Filter Include="01. Utility\02. Component\Component\Mesh\Static">
      <UniqueIdentifier>{cba29199-9bc1-4829-ad97-026fabbb6d04}</UniqueIdentifier>
    </Filter>
    <Filter Include="01. Utility\02. Component\Component\Collider">
      <UniqueIdentifier>{1e87ceee-4797-4b25-aeb5-0c6b3b85de41}</UniqueIdentifier>
    </Filter>
    <Filter Include="01. Utility\02. Component\Component\Navigation">
      <UniqueIdentifier>{242d507d-568d-470c-a375-501b16f6827c}</UniqueIdentifier>
    </Filter>
    <Filter Include="01. Utility\02. Component\Component\Collider\ShaderFiles">
      <UniqueIdentifier>{d1d4823f-67ec-46ea-bdd5-b5cf5fe0dbca}</UniqueIdentifier>
    </Filter>
    <Filter Include="01. Utility\02. Component\Component\Navigation\Cell">
      <UniqueIdentifier>{4cab6a37-8eee-4264-9f4b-2db92209862e}</UniqueIdentifier>
    </Filter>
    <Filter Include="01. Utility\02. Component\Component\Frustum">
      <UniqueIdentifier>{ba1bae3d-9de4-4bda-9e63-b694f619d168}</UniqueIdentifier>
    </Filter>
    <Filter Include="01. Utility\02. Component\Component\Mesh\Dynamic_Normal">
      <UniqueIdentifier>{a72b03a1-ad3b-4056-89b2-42f223ce63a9}</UniqueIdentifier>
    </Filter>
    <Filter Include="01. Utility\02. Component\Component\Mesh\Dynamic_Normal\Loader_Normal">
      <UniqueIdentifier>{23ae61ce-4a43-4ddd-ac3d-264dd45a41ac}</UniqueIdentifier>
    </Filter>
    <Filter Include="01. Utility\02. Component\Component\Mesh\Dynamic_Player">
      <UniqueIdentifier>{927981a5-9caf-4f69-b205-6fe2e37eb50c}</UniqueIdentifier>
    </Filter>
    <Filter Include="01. Utility\02. Component\Component\Mesh\Dynamic_Player\Loader_Player">
      <UniqueIdentifier>{93d6dff6-060e-4261-b3de-5ef499f705b3}</UniqueIdentifier>
    </Filter>
    <Filter Include="01. Utility\02. Component\Component\Mesh\Animation">
      <UniqueIdentifier>{626fda2f-0cd6-4ef9-bb6e-03dc3f2101f6}</UniqueIdentifier>
    </Filter>
    <Filter Include="01. Utility\02. Component\Component\Mesh\Dynamic_Player\Mesh_Dynamic_Bone">
      <UniqueIdentifier>{e6545dc3-be75-479a-bb26-cecfde71544f}</UniqueIdentifier>
    </Filter>
    <Filter Include="01. Utility\02. Component\Component\Mesh\Dynamic_Player\Mesh_Dynamic_Parts">
      <UniqueIdentifier>{8801e23c-1b44-4c5f-a9d8-df421b545e4a}</UniqueIdentifier>
    </Filter>
  </ItemGroup>
  <ItemGroup>
    <ClCompile Include="..\Codes\Graphic_Device.cpp">
      <Filter>00. System\00. Device\Graphic</Filter>
    </ClCompile>
    <ClCompile Include="..\Codes\Base.cpp">
      <Filter>97. Base</Filter>
    </ClCompile>
    <ClCompile Include="..\Codes\Timer.cpp">
      <Filter>00. System\01. Timer\Timer</Filter>
    </ClCompile>
    <ClCompile Include="..\Codes\Timer_Manager.cpp">
      <Filter>00. System\01. Timer\Manager</Filter>
    </ClCompile>
    <ClCompile Include="..\Codes\Scene.cpp">
      <Filter>01. Utility\00. Management\Scene</Filter>
    </ClCompile>
    <ClCompile Include="..\Codes\Management.cpp">
      <Filter>01. Utility\00. Management</Filter>
    </ClCompile>
    <ClCompile Include="..\Codes\GameObject.cpp">
      <Filter>01. Utility\01. GameObject\Object</Filter>
    </ClCompile>
    <ClCompile Include="..\Codes\Object_Manager.cpp">
      <Filter>01. Utility\01. GameObject\Manager</Filter>
    </ClCompile>
    <ClCompile Include="..\Codes\Layer.cpp">
      <Filter>01. Utility\01. GameObject\Layer</Filter>
    </ClCompile>
    <ClCompile Include="..\Codes\Transform.cpp">
      <Filter>01. Utility\02. Component\Component\Transform</Filter>
    </ClCompile>
    <ClCompile Include="..\Codes\Component.cpp">
      <Filter>01. Utility\02. Component\Component</Filter>
    </ClCompile>
    <ClCompile Include="..\Codes\VIBuffer.cpp">
      <Filter>01. Utility\02. Component\Component\Buffer</Filter>
    </ClCompile>
    <ClCompile Include="..\Codes\Buffer_TriCol.cpp">
      <Filter>01. Utility\02. Component\Component\Buffer\Triangle_Color</Filter>
    </ClCompile>
    <ClCompile Include="..\Codes\Renderer.cpp">
      <Filter>01. Utility\02. Component\Component\Renderer</Filter>
    </ClCompile>
    <ClCompile Include="..\Codes\Component_Manager.cpp">
      <Filter>01. Utility\02. Component\Manager</Filter>
    </ClCompile>
    <ClCompile Include="..\Codes\Buffer_RcCol.cpp">
      <Filter>01. Utility\02. Component\Component\Buffer\Rectangle_Color</Filter>
    </ClCompile>
    <ClCompile Include="..\Codes\Buffer_RcTex.cpp">
      <Filter>01. Utility\02. Component\Component\Buffer\Rectangle_Texture</Filter>
    </ClCompile>
    <ClCompile Include="..\Codes\Texture.cpp">
      <Filter>01. Utility\02. Component\Component\Texture</Filter>
    </ClCompile>
    <ClCompile Include="..\Codes\Buffer_Terrain.cpp">
      <Filter>01. Utility\02. Component\Component\Buffer\Terrain</Filter>
    </ClCompile>
    <ClCompile Include="..\Codes\Buffer_ScreenTex.cpp">
      <Filter>01. Utility\02. Component\Component\Buffer\Rectangle_Viewport_Texture</Filter>
    </ClCompile>
    <ClCompile Include="..\Codes\Camera.cpp">
      <Filter>01. Utility\03. Camera</Filter>
    </ClCompile>
    <ClCompile Include="..\Codes\Input_Device.cpp">
      <Filter>00. System\00. Device\Input</Filter>
    </ClCompile>
    <ClCompile Include="..\Codes\Buffer_CubeTex.cpp">
      <Filter>01. Utility\02. Component\Component\Buffer\Buffer_CubeTex</Filter>
    </ClCompile>
    <ClCompile Include="..\Codes\EventManager.cpp">
      <Filter>01. Utility\09. EventManager</Filter>
    </ClCompile>
    <ClCompile Include="..\Codes\KeyManager.cpp">
      <Filter>01. Utility\10. KeyManager</Filter>
    </ClCompile>
    <ClCompile Include="..\Codes\Shader.cpp">
      <Filter>01. Utility\02. Component\Component\Shader</Filter>
    </ClCompile>
    <ClCompile Include="..\Codes\Light.cpp">
      <Filter>01. Utility\04. Light\Light</Filter>
    </ClCompile>
    <ClCompile Include="..\Codes\Light_Manager.cpp">
      <Filter>01. Utility\04. Light\Manager</Filter>
    </ClCompile>
    <ClCompile Include="..\Codes\Mesh_Static.cpp">
      <Filter>01. Utility\02. Component\Component\Mesh\Static</Filter>
    </ClCompile>
    <ClCompile Include="..\Codes\Mesh_Dynamic.cpp">
      <Filter>01. Utility\02. Component\Component\Mesh\Dynamic_Normal</Filter>
    </ClCompile>
    <ClCompile Include="..\Codes\HierarchyLoader.cpp">
      <Filter>01. Utility\02. Component\Component\Mesh\Dynamic_Normal\Loader_Normal</Filter>
    </ClCompile>
    <ClCompile Include="..\Codes\AnimationCtrl.cpp">
      <Filter>01. Utility\02. Component\Component\Mesh\Animation</Filter>
    </ClCompile>
    <ClCompile Include="..\Codes\Collider.cpp">
      <Filter>01. Utility\02. Component\Component\Collider</Filter>
    </ClCompile>
    <ClCompile Include="..\Codes\Navigation.cpp">
      <Filter>01. Utility\02. Component\Component\Navigation</Filter>
    </ClCompile>
    <ClCompile Include="..\Codes\Cell.cpp">
      <Filter>01. Utility\02. Component\Component\Navigation\Cell</Filter>
    </ClCompile>
    <ClCompile Include="..\Codes\Frustum.cpp">
      <Filter>01. Utility\02. Component\Component\Frustum</Filter>
    </ClCompile>
    <ClCompile Include="..\Codes\Mesh_Dynamic_Bone.cpp">
      <Filter>01. Utility\02. Component\Component\Mesh\Dynamic_Player\Mesh_Dynamic_Bone</Filter>
    </ClCompile>
    <ClCompile Include="..\Codes\Mesh_Dynamic_Parts.cpp">
      <Filter>01. Utility\02. Component\Component\Mesh\Dynamic_Player\Mesh_Dynamic_Parts</Filter>
    </ClCompile>
    <ClCompile Include="..\Codes\HierarchyLoader_Player.cpp">
      <Filter>01. Utility\02. Component\Component\Mesh\Dynamic_Player\Loader_Player</Filter>
    </ClCompile>
  </ItemGroup>
  <ItemGroup>
    <FxCompile Include="..\Bin\ShaderFiles\Shader_Collider.fx">
      <Filter>01. Utility\02. Component\Component\Collider\ShaderFiles</Filter>
    </FxCompile>
  </ItemGroup>
</Project>