<?xml version="1.0" encoding="utf-8"?>
<Project ToolsVersion="4.0" xmlns="http://schemas.microsoft.com/developer/msbuild/2003">
  <ItemGroup>
    <Filter Include="99. Default">
      <UniqueIdentifier>{b525dd5b-ca85-43ee-a8dd-b1658f2b28a8}</UniqueIdentifier>
    </Filter>
    <Filter Include="00. MainApp">
      <UniqueIdentifier>{8106268c-5068-4b89-b412-f20a1807db58}</UniqueIdentifier>
    </Filter>
    <Filter Include="98. Headers">
      <UniqueIdentifier>{b1fec221-bb51-4ce1-8715-adac80162ceb}</UniqueIdentifier>
    </Filter>
    <Filter Include="01. Scene">
      <UniqueIdentifier>{8733fcd0-32c4-428f-87f8-1e3fb6a39561}</UniqueIdentifier>
    </Filter>
    <Filter Include="01. Scene\00. For.Logo">
      <UniqueIdentifier>{2078fbe0-7a62-48f6-a798-157f3c6c199c}</UniqueIdentifier>
    </Filter>
    <Filter Include="01. Scene\01. For.Stage">
      <UniqueIdentifier>{e38794d8-7b02-423e-80f8-3673acc4cb64}</UniqueIdentifier>
    </Filter>
    <Filter Include="02. GameObject">
      <UniqueIdentifier>{0480ca41-f451-4a35-97c7-234197d97560}</UniqueIdentifier>
    </Filter>
    <Filter Include="02. GameObject\00. Logo">
      <UniqueIdentifier>{e0e918e6-5b71-4cee-9554-f4110ffaa8f8}</UniqueIdentifier>
    </Filter>
    <Filter Include="02. GameObject\00. Logo\BackGround">
      <UniqueIdentifier>{6bd77107-fa38-4059-ac48-41ff00312aa0}</UniqueIdentifier>
    </Filter>
    <Filter Include="02. GameObject\01. Stage">
      <UniqueIdentifier>{64782ff4-382c-469c-9413-b9ee9625e749}</UniqueIdentifier>
    </Filter>
    <Filter Include="02. GameObject\01. Stage\Terrain">
      <UniqueIdentifier>{796c65da-8d49-4085-b7cc-c7ca9144858e}</UniqueIdentifier>
    </Filter>
    <Filter Include="02. GameObject\01. Stage\UI">
      <UniqueIdentifier>{42e78082-211c-4195-a8d1-5df54df64307}</UniqueIdentifier>
    </Filter>
    <Filter Include="02. GameObject\99. Public">
      <UniqueIdentifier>{bb91bba6-5a8b-48de-a87d-334d1b391005}</UniqueIdentifier>
    </Filter>
    <Filter Include="02. GameObject\99. Public\Camera">
      <UniqueIdentifier>{f1986720-2e31-4408-ad8b-8a779683f4e9}</UniqueIdentifier>
    </Filter>
    <Filter Include="02. GameObject\99. Public\Camera\Dynamic">
      <UniqueIdentifier>{dc0fa6e6-9dec-491f-84d3-2ea6a5d8df4d}</UniqueIdentifier>
    </Filter>
    <Filter Include="02. GameObject\99. Public\Camera\Static">
      <UniqueIdentifier>{daeddc82-ed6e-43b5-8592-4a0ba04f40ef}</UniqueIdentifier>
    </Filter>
    <Filter Include="02. GameObject\01. Stage\Player">
      <UniqueIdentifier>{44dc1c25-7789-4558-aaa6-e78137e9dda0}</UniqueIdentifier>
    </Filter>
    <Filter Include="02. GameObject\01. Stage\SkyBox">
      <UniqueIdentifier>{423f293a-6060-418d-bb40-071b0bc11d72}</UniqueIdentifier>
    </Filter>
    <Filter Include="02. GameObject\01. Stage\Monster">
      <UniqueIdentifier>{0a56f4c6-f20e-4a6b-81bb-ce3f531687bf}</UniqueIdentifier>
    </Filter>
    <Filter Include="03. ShaderFiles">
      <UniqueIdentifier>{7716991d-2846-43ac-9795-89b5add47bd3}</UniqueIdentifier>
    </Filter>
  </ItemGroup>
  <ItemGroup>
    <Text Include="ReadMe.txt" />
  </ItemGroup>
  <ItemGroup>
    <ClInclude Include="Client.h">
      <Filter>99. Default</Filter>
    </ClInclude>
    <ClInclude Include="Resource.h">
      <Filter>99. Default</Filter>
    </ClInclude>
    <ClInclude Include="stdafx.h">
      <Filter>99. Default</Filter>
    </ClInclude>
    <ClInclude Include="targetver.h">
      <Filter>99. Default</Filter>
    </ClInclude>
    <ClInclude Include="..\Headers\MainApp.h">
      <Filter>00. MainApp</Filter>
    </ClInclude>
    <ClInclude Include="..\Headers\Defines.h">
      <Filter>98. Headers</Filter>
    </ClInclude>
    <ClInclude Include="..\Headers\Scene_Logo.h">
      <Filter>01. Scene\00. For.Logo</Filter>
    </ClInclude>
    <ClInclude Include="..\Headers\Back_Logo.h">
      <Filter>02. GameObject\00. Logo\BackGround</Filter>
    </ClInclude>
    <ClInclude Include="..\Headers\Scene_Stage.h">
      <Filter>01. Scene\01. For.Stage</Filter>
    </ClInclude>
    <ClInclude Include="..\Headers\Terrain.h">
      <Filter>02. GameObject\01. Stage\Terrain</Filter>
    </ClInclude>
    <ClInclude Include="..\Headers\UI.h">
      <Filter>02. GameObject\01. Stage\UI</Filter>
    </ClInclude>
    <ClInclude Include="..\Headers\Camera_Dynamic.h">
      <Filter>02. GameObject\99. Public\Camera\Dynamic</Filter>
    </ClInclude>
    <ClInclude Include="..\Headers\Player.h">
      <Filter>02. GameObject\01. Stage\Player</Filter>
    </ClInclude>
    <ClInclude Include="..\Headers\SkyBox.h">
      <Filter>02. GameObject\01. Stage\SkyBox</Filter>
    </ClInclude>
    <ClInclude Include="..\Headers\Monster.h">
      <Filter>02. GameObject\01. Stage\Monster</Filter>
    </ClInclude>
  </ItemGroup>
  <ItemGroup>
    <ClCompile Include="stdafx.cpp">
      <Filter>99. Default</Filter>
    </ClCompile>
    <ClCompile Include="Client.cpp">
      <Filter>99. Default</Filter>
    </ClCompile>
    <ClCompile Include="..\Codes\MainApp.cpp">
      <Filter>00. MainApp</Filter>
    </ClCompile>
    <ClCompile Include="..\Codes\Scene_Logo.cpp">
      <Filter>01. Scene\00. For.Logo</Filter>
    </ClCompile>
    <ClCompile Include="..\Codes\Back_Logo.cpp">
      <Filter>02. GameObject\00. Logo\BackGround</Filter>
    </ClCompile>
    <ClCompile Include="..\Codes\Scene_Stage.cpp">
      <Filter>01. Scene\01. For.Stage</Filter>
    </ClCompile>
    <ClCompile Include="..\Codes\Terrain.cpp">
      <Filter>02. GameObject\01. Stage\Terrain</Filter>
    </ClCompile>
    <ClCompile Include="..\Codes\UI.cpp">
      <Filter>02. GameObject\01. Stage\UI</Filter>
    </ClCompile>
    <ClCompile Include="..\Codes\Camera_Dynamic.cpp">
      <Filter>02. GameObject\99. Public\Camera\Dynamic</Filter>
    </ClCompile>
    <ClCompile Include="..\Codes\Player.cpp">
      <Filter>02. GameObject\01. Stage\Player</Filter>
    </ClCompile>
    <ClCompile Include="..\Codes\SkyBox.cpp">
      <Filter>02. GameObject\01. Stage\SkyBox</Filter>
    </ClCompile>
    <ClCompile Include="..\Codes\Monster.cpp">
      <Filter>02. GameObject\01. Stage\Monster</Filter>
    </ClCompile>
  </ItemGroup>
  <ItemGroup>
    <Image Include="small.ico">
      <Filter>99. Default</Filter>
    </Image>
    <Image Include="Client.ico">
      <Filter>99. Default</Filter>
    </Image>
  </ItemGroup>
  <ItemGroup>
    <ResourceCompile Include="Client.rc">
      <Filter>99. Default</Filter>
    </ResourceCompile>
  </ItemGroup>
  <ItemGroup>
    <FxCompile Include="..\Bin\ShaderFiles\Shader_Default.fx">
      <Filter>03. ShaderFiles</Filter>
    </FxCompile>
  </ItemGroup>
</Project>