
Microsoft Visual Studio Solution File, Format Version 12.00
# Visual Studio 14
VisualStudioVersion = 14.0.25420.1
MinimumVisualStudioVersion = 10.0.40219.1
Project("{8BC9CEB8-8B4A-11D0-8D11-00A0C91BC942}") = "Client", "Client\Default\Client.vcxproj", "{C180207B-177C-4CC4-9D8F-18D50C20C831}"
	ProjectSection(ProjectDependencies) = postProject
		{82531C25-C4EE-4D6A-936E-6D40DBC17E75} = {82531C25-C4EE-4D6A-936E-6D40DBC17E75}
	EndProjectSection
EndProject
Project("{8BC9CEB8-8B4A-11D0-8D11-00A0C91BC942}") = "Engine", "Engine\Default\Engine.vcxproj", "{82531C25-C4EE-4D6A-936E-6D40DBC17E75}"
EndProject
Project("{8BC9CEB8-8B4A-11D0-8D11-00A0C91BC942}") = "MapTool", "MapTool\MapTool.vcxproj", "{178082B6-579C-4309-87AB-F99FA273D71D}"
EndProject
Global
	GlobalSection(SolutionConfigurationPlatforms) = preSolution
		Debug|x64 = Debug|x64
		Debug|x86 = Debug|x86
		Release|x64 = Release|x64
		Release|x86 = Release|x86
	EndGlobalSection
	GlobalSection(ProjectConfigurationPlatforms) = postSolution
		{C180207B-177C-4CC4-9D8F-18D50C20C831}.Debug|x64.ActiveCfg = Debug|x64
		{C180207B-177C-4CC4-9D8F-18D50C20C831}.Debug|x64.Build.0 = Debug|x64
		{C180207B-177C-4CC4-9D8F-18D50C20C831}.Debug|x86.ActiveCfg = Debug|Win32
		{C180207B-177C-4CC4-9D8F-18D50C20C831}.Debug|x86.Build.0 = Debug|Win32
		{C180207B-177C-4CC4-9D8F-18D50C20C831}.Release|x64.ActiveCfg = Release|x64
		{C180207B-177C-4CC4-9D8F-18D50C20C831}.Release|x64.Build.0 = Release|x64
		{C180207B-177C-4CC4-9D8F-18D50C20C831}.Release|x86.ActiveCfg = Release|Win32
		{C180207B-177C-4CC4-9D8F-18D50C20C831}.Release|x86.Build.0 = Release|Win32
		{82531C25-C4EE-4D6A-936E-6D40DBC17E75}.Debug|x64.ActiveCfg = Debug|x64
		{82531C25-C4EE-4D6A-936E-6D40DBC17E75}.Debug|x64.Build.0 = Debug|x64
		{82531C25-C4EE-4D6A-936E-6D40DBC17E75}.Debug|x86.ActiveCfg = Debug|Win32
		{82531C25-C4EE-4D6A-936E-6D40DBC17E75}.Debug|x86.Build.0 = Debug|Win32
		{82531C25-C4EE-4D6A-936E-6D40DBC17E75}.Release|x64.ActiveCfg = Release|x64
		{82531C25-C4EE-4D6A-936E-6D40DBC17E75}.Release|x64.Build.0 = Release|x64
		{82531C25-C4EE-4D6A-936E-6D40DBC17E75}.Release|x86.ActiveCfg = Release|Win32
		{82531C25-C4EE-4D6A-936E-6D40DBC17E75}.Release|x86.Build.0 = Release|Win32
		{178082B6-579C-4309-87AB-F99FA273D71D}.Debug|x64.ActiveCfg = Debug|x64
		{178082B6-579C-4309-87AB-F99FA273D71D}.Debug|x64.Build.0 = Debug|x64
		{178082B6-579C-4309-87AB-F99FA273D71D}.Debug|x86.ActiveCfg = Debug|Win32
		{178082B6-579C-4309-87AB-F99FA273D71D}.Debug|x86.Build.0 = Debug|Win32
		{178082B6-579C-4309-87AB-F99FA273D71D}.Release|x64.ActiveCfg = Release|x64
		{178082B6-579C-4309-87AB-F99FA273D71D}.Release|x64.Build.0 = Release|x64
		{178082B6-579C-4309-87AB-F99FA273D71D}.Release|x86.ActiveCfg = Release|Win32
		{178082B6-579C-4309-87AB-F99FA273D71D}.Release|x86.Build.0 = Release|Win32
	EndGlobalSection
	GlobalSection(SolutionProperties) = preSolution
		HideSolutionNode = FALSE
	EndGlobalSection
EndGlobal
