<?xml version="1.0" encoding="utf-8"?>
<Project ToolsVersion="4.0" xmlns="http://schemas.microsoft.com/developer/msbuild/2003">
  <ItemGroup>
    <Filter Include="99. Default">
      <UniqueIdentifier>{b525dd5b-ca85-43ee-a8dd-b1658f2b28a8}</UniqueIdentifier>
    </Filter>
    <Filter Include="00. MainApp">
      <UniqueIdentifier>{8106268c-5068-4b89-b412-f20a1807db58}</UniqueIdentifier>
    </Filter>
    <Filter Include="98. Headers">
      <UniqueIdentifier>{b1fec221-bb51-4ce1-8715-adac80162ceb}</UniqueIdentifier>
    </Filter>
    <Filter Include="01. Scene">
      <UniqueIdentifier>{8733fcd0-32c4-428f-87f8-1e3fb6a39561}</UniqueIdentifier>
    </Filter>
    <Filter Include="02. GameObject">
      <UniqueIdentifier>{0480ca41-f451-4a35-97c7-234197d97560}</UniqueIdentifier>
    </Filter>
    <Filter Include="02. GameObject\00. Logo">
      <UniqueIdentifier>{e0e918e6-5b71-4cee-9554-f4110ffaa8f8}</UniqueIdentifier>
    </Filter>
    <Filter Include="02. GameObject\01. Stage">
      <UniqueIdentifier>{64782ff4-382c-469c-9413-b9ee9625e749}</UniqueIdentifier>
    </Filter>
    <Filter Include="02. GameObject\01. Stage\Terrain">
      <UniqueIdentifier>{796c65da-8d49-4085-b7cc-c7ca9144858e}</UniqueIdentifier>
    </Filter>
    <Filter Include="02. GameObject\99. Public">
      <UniqueIdentifier>{bb91bba6-5a8b-48de-a87d-334d1b391005}</UniqueIdentifier>
    </Filter>
    <Filter Include="02. GameObject\99. Public\Camera">
      <UniqueIdentifier>{f1986720-2e31-4408-ad8b-8a779683f4e9}</UniqueIdentifier>
    </Filter>
    <Filter Include="02. GameObject\99. Public\Camera\Dynamic">
      <UniqueIdentifier>{dc0fa6e6-9dec-491f-84d3-2ea6a5d8df4d}</UniqueIdentifier>
    </Filter>
    <Filter Include="02. GameObject\99. Public\Camera\Static">
      <UniqueIdentifier>{daeddc82-ed6e-43b5-8592-4a0ba04f40ef}</UniqueIdentifier>
    </Filter>
    <Filter Include="02. GameObject\01. Stage\SkyBox">
      <UniqueIdentifier>{423f293a-6060-418d-bb40-071b0bc11d72}</UniqueIdentifier>
    </Filter>
    <Filter Include="01. Scene\99. Loading">
      <UniqueIdentifier>{ab972f0e-d4e7-4bf8-a66a-1afc55b3cf28}</UniqueIdentifier>
    </Filter>
    <Filter Include="03. Unit">
      <UniqueIdentifier>{d521fbb4-13b4-49f0-a818-30930ab0bcc8}</UniqueIdentifier>
    </Filter>
    <Filter Include="97. ShaderFiles">
      <UniqueIdentifier>{7716991d-2846-43ac-9795-89b5add47bd3}</UniqueIdentifier>
    </Filter>
    <Filter Include="03. Unit\Player">
      <UniqueIdentifier>{44dc1c25-7789-4558-aaa6-e78137e9dda0}</UniqueIdentifier>
    </Filter>
    <Filter Include="03. Unit\Player\Weapon">
      <UniqueIdentifier>{b47953ee-b298-4c5a-8359-e75daf983c5e}</UniqueIdentifier>
    </Filter>
    <Filter Include="03. Unit\Player\PlayerState">
      <UniqueIdentifier>{7d8c8299-0600-42ab-9c04-e314af9ab97a}</UniqueIdentifier>
    </Filter>
    <Filter Include="03. Unit\Player\PlayerState\00. Idle">
      <UniqueIdentifier>{80a98230-4ba0-49eb-975b-0f50851a84d6}</UniqueIdentifier>
    </Filter>
    <Filter Include="03. Unit\Monster">
      <UniqueIdentifier>{0a56f4c6-f20e-4a6b-81bb-ce3f531687bf}</UniqueIdentifier>
    </Filter>
    <Filter Include="04. UI">
      <UniqueIdentifier>{0a67a150-d103-4d92-a234-5872e6c14819}</UniqueIdentifier>
    </Filter>
    <Filter Include="04. UI\UI">
      <UniqueIdentifier>{42e78082-211c-4195-a8d1-5df54df64307}</UniqueIdentifier>
    </Filter>
    <Filter Include="03. Unit\Player\PlayerState\01. Move">
      <UniqueIdentifier>{5e6622f2-9919-4233-8d54-f070b972cb25}</UniqueIdentifier>
    </Filter>
    <Filter Include="02. GameObject\99. Public\TerrainObject">
      <UniqueIdentifier>{5e305c39-409e-4a42-a599-be676d83f8d0}</UniqueIdentifier>
    </Filter>
    <Filter Include="03. Unit\Player\PlayerState\02. WeaponState">
      <UniqueIdentifier>{eaac568d-524b-476a-90fe-38c3a68d8a15}</UniqueIdentifier>
    </Filter>
    <Filter Include="03. Unit\Player\PlayerState\03. Attack_Combo%28Normal%29">
      <UniqueIdentifier>{7f066527-a98d-4bb0-9017-a231aaf17bdb}</UniqueIdentifier>
    </Filter>
    <Filter Include="03. Unit\Player\PlayerState\03. Attack_Combo%28Normal%29\Attack">
      <UniqueIdentifier>{f8c01572-0e05-45a1-a5bc-f19ce0569429}</UniqueIdentifier>
    </Filter>
    <Filter Include="03. Unit\Player\PlayerState\03. Attack_Combo%28Normal%29\Release">
      <UniqueIdentifier>{2d9a69be-d4f6-403f-b657-0497a2694b47}</UniqueIdentifier>
    </Filter>
    <Filter Include="03. Unit\Player\PlayerState\04. Skill">
      <UniqueIdentifier>{8cf5361b-82e5-4046-90d9-86c627e85e3a}</UniqueIdentifier>
    </Filter>
    <Filter Include="03. Unit\Player\PlayerState\04. Skill\01. CutHead">
      <UniqueIdentifier>{492ffdc2-d5d4-4519-94b8-fd5baa132105}</UniqueIdentifier>
    </Filter>
    <Filter Include="03. Unit\Player\PlayerState\04. Skill\02. CuttingSlash">
      <UniqueIdentifier>{94a0b53a-3b0c-4e5a-9076-cfff0905c63f}</UniqueIdentifier>
    </Filter>
    <Filter Include="03. Unit\Player\PlayerState\04. Skill\03. FlatBlade">
      <UniqueIdentifier>{d2768319-4f09-47c7-b77d-175d10323413}</UniqueIdentifier>
    </Filter>
    <Filter Include="03. Unit\Player\PlayerState\04. Skill\04. HandySlash">
      <UniqueIdentifier>{c6dca476-3ffc-4910-849e-d52ee44f7447}</UniqueIdentifier>
    </Filter>
    <Filter Include="03. Unit\Player\PlayerState\04. Skill\05. JawBreaker">
      <UniqueIdentifier>{26701ddc-f602-4160-9fb3-21afeb00d2a2}</UniqueIdentifier>
    </Filter>
    <Filter Include="03. Unit\Player\PlayerState\04. Skill\06. StingerBlade">
      <UniqueIdentifier>{0952727c-7cac-4121-aade-68fb7c03fd04}</UniqueIdentifier>
    </Filter>
    <Filter Include="03. Unit\Player\PlayerState\04. Skill\08. DrawSword">
      <UniqueIdentifier>{e2f595c4-15c6-4cf6-ab64-7ae067b87620}</UniqueIdentifier>
    </Filter>
    <Filter Include="03. Unit\Player\PlayerState\04. Skill\08. DrawSword\01. Charge">
      <UniqueIdentifier>{cb120bbf-d7f3-40f0-84b9-37be93c3f054}</UniqueIdentifier>
    </Filter>
    <Filter Include="03. Unit\Player\PlayerState\04. Skill\08. DrawSword\02. Loop">
      <UniqueIdentifier>{aa74c52c-69ce-4a32-81c9-7d4659a77e65}</UniqueIdentifier>
    </Filter>
    <Filter Include="03. Unit\Player\PlayerState\04. Skill\08. DrawSword\03. Move">
      <UniqueIdentifier>{858b91d2-1557-4256-80f2-ee7030940d45}</UniqueIdentifier>
    </Filter>
    <Filter Include="03. Unit\Player\PlayerState\04. Skill\08. DrawSword\04. Attack">
      <UniqueIdentifier>{271d7ab8-2164-4213-b6af-720db694115f}</UniqueIdentifier>
    </Filter>
    <Filter Include="03. Unit\Player\PlayerState\04. Skill\08. DrawSword\05. End">
      <UniqueIdentifier>{a631cb25-7e7e-4a36-b253-33f918bfdb86}</UniqueIdentifier>
    </Filter>
    <Filter Include="03. Unit\Player\PlayerState\05. Sit">
      <UniqueIdentifier>{5e15b629-d07e-4153-adfb-16e290d357ef}</UniqueIdentifier>
    </Filter>
    <Filter Include="03. Unit\Player\PlayerState\06. Hit">
      <UniqueIdentifier>{28167eee-4a24-478a-943d-a42453f11b3e}</UniqueIdentifier>
    </Filter>
    <Filter Include="03. Unit\Player\PlayerState\06. Hit\Hit">
      <UniqueIdentifier>{02a45f7b-9cbb-4749-8005-8c938e928450}</UniqueIdentifier>
    </Filter>
    <Filter Include="03. Unit\Player\PlayerState\06. Hit\Wake">
      <UniqueIdentifier>{d6fc2d3e-f9af-439e-ae61-95ba0e8c1255}</UniqueIdentifier>
    </Filter>
    <Filter Include="03. Unit\Player\PlayerState\06. Hit\KnockDown">
      <UniqueIdentifier>{bd558815-22c2-4917-9625-ee6ec0f4549b}</UniqueIdentifier>
    </Filter>
    <Filter Include="03. Unit\Player\PlayerState\04. Skill\07. RagingStrike">
      <UniqueIdentifier>{163bf3be-0ecd-4935-8cea-341c60ff1827}</UniqueIdentifier>
    </Filter>
    <Filter Include="03. Unit\Player\PlayerState\06. Hit\Rolling">
      <UniqueIdentifier>{dd19e4ec-b5ff-4381-9988-99a116789465}</UniqueIdentifier>
    </Filter>
    <Filter Include="03. Unit\Player\PlayerState\04. Skill\09. Tumbling">
      <UniqueIdentifier>{dfafa8a8-0bd6-4cb5-bdf8-d9342036817f}</UniqueIdentifier>
    </Filter>
    <Filter Include="03. Unit\Player\PlayerState\06. Hit\High">
      <UniqueIdentifier>{5d56c489-6e79-44d7-b359-37bc80c60700}</UniqueIdentifier>
    </Filter>
    <Filter Include="04. UI\UI\00. Loading">
      <UniqueIdentifier>{3fc980c1-a50b-44da-a2cb-d62aba811fb2}</UniqueIdentifier>
    </Filter>
    <Filter Include="01. Scene\01. Scene_Logo">
      <UniqueIdentifier>{2078fbe0-7a62-48f6-a798-157f3c6c199c}</UniqueIdentifier>
    </Filter>
    <Filter Include="01. Scene\02. Scene_Stage">
      <UniqueIdentifier>{e38794d8-7b02-423e-80f8-3673acc4cb64}</UniqueIdentifier>
    </Filter>
    <Filter Include="02. GameObject\00. Logo\BackGround // 안씀">
      <UniqueIdentifier>{6bd77107-fa38-4059-ac48-41ff00312aa0}</UniqueIdentifier>
    </Filter>
    <Filter Include="04. UI\UI\01. PlayerPoint%28Hp, Mp%29">
      <UniqueIdentifier>{841545cb-0931-489d-8959-5b9bfb5cca90}</UniqueIdentifier>
    </Filter>
    <Filter Include="04. UI\UI\02. SkillBoard">
      <UniqueIdentifier>{285d047b-d4d3-4f5c-a875-afa2bd7a786e}</UniqueIdentifier>
    </Filter>
    <Filter Include="01. Scene\03. Scene_Draon%27s Trail">
      <UniqueIdentifier>{899e3560-ec6c-401f-814a-edb947d15d73}</UniqueIdentifier>
    </Filter>
    <Filter Include="03. Unit\Monster\Arkus">
      <UniqueIdentifier>{3662dcba-0a02-4ca8-b327-ed7128219ae0}</UniqueIdentifier>
    </Filter>
    <Filter Include="02. GameObject\02. Dragon%27s Trial">
      <UniqueIdentifier>{dc9f51d8-f6c5-4b27-b9bf-cfd66f5dea52}</UniqueIdentifier>
    </Filter>
    <Filter Include="02. GameObject\02. Dragon%27s Trial\SkyBox">
      <UniqueIdentifier>{9bdf5e41-5f52-48d8-ac65-1f6f1323ce4f}</UniqueIdentifier>
    </Filter>
    <Filter Include="02. GameObject\02. Dragon%27s Trial\Terrain">
      <UniqueIdentifier>{08d0019b-0bf6-4c00-92e0-6f83888c4fa8}</UniqueIdentifier>
    </Filter>
    <Filter Include="03. Unit\Monster\Arkus\ArkusState">
      <UniqueIdentifier>{7d502dc0-d7c5-4da3-b58b-056dc1772246}</UniqueIdentifier>
    </Filter>
    <Filter Include="03. Unit\Monster\Arkus\ArkusState\00. Idle">
      <UniqueIdentifier>{5932fef0-7cf7-4014-9ea5-1f2392892690}</UniqueIdentifier>
    </Filter>
    <Filter Include="03. Unit\Monster\Arkus\ArkusState\01. Apperance">
      <UniqueIdentifier>{5b875ceb-af4b-4400-8d7e-bc1b69c19d61}</UniqueIdentifier>
    </Filter>
    <Filter Include="03. Unit\Monster\Arkus\ArkusState\02. Run">
      <UniqueIdentifier>{b6afcb94-6744-4f6c-9d86-ee4118ad1067}</UniqueIdentifier>
    </Filter>
    <Filter Include="03. Unit\Monster\Arkus\ArkusState\03. Attack">
      <UniqueIdentifier>{ddc1ace3-be8e-47df-8078-69a43683ed1f}</UniqueIdentifier>
    </Filter>
    <Filter Include="03. Unit\Monster\Arkus\ArkusState\04. Rush">
      <UniqueIdentifier>{28107c60-3506-4a7f-843a-fec8d4a170a1}</UniqueIdentifier>
    </Filter>
    <Filter Include="03. Unit\Monster\Arkus\ArkusState\05. JumpEvasion">
      <UniqueIdentifier>{b41a1c09-e02e-4460-b6e2-389e020e0071}</UniqueIdentifier>
    </Filter>
    <Filter Include="03. Unit\Monster\Arkus\ArkusState\06. Hit">
      <UniqueIdentifier>{2ff54805-3972-49c3-837d-f3e86b20ea04}</UniqueIdentifier>
    </Filter>
    <Filter Include="03. Unit\Monster\Monster%28안씀%29">
      <UniqueIdentifier>{f1b47a60-3532-4891-927a-11149197cab2}</UniqueIdentifier>
    </Filter>
    <Filter Include="03. Unit\Monster\Arkus\ArkusState\08. AlmostDead">
      <UniqueIdentifier>{22ec3c25-c517-4f09-8164-569f65e38b99}</UniqueIdentifier>
    </Filter>
    <Filter Include="03. Unit\Monster\Arkus\ArkusState\07. Groggy">
      <UniqueIdentifier>{5fd934f3-a735-48d0-af08-059a2852a2f7}</UniqueIdentifier>
    </Filter>
    <Filter Include="03. Unit\Monster\Arkus\ArkusState\09. Death">
      <UniqueIdentifier>{1bd546cc-140a-4bab-be4c-0918312d81ea}</UniqueIdentifier>
    </Filter>
    <Filter Include="01. Scene\98. Scene_Loading">
      <UniqueIdentifier>{856590a0-42fb-4716-a7d3-17d3e49d2307}</UniqueIdentifier>
    </Filter>
    <Filter Include="04. UI\UI\03. BossPoint">
      <UniqueIdentifier>{c8762d13-19e3-41a6-a292-af6e6c9d0fea}</UniqueIdentifier>
    </Filter>
    <Filter Include="04. UI\UI\04. DamageFont">
      <UniqueIdentifier>{28460739-3570-458f-9e54-4dd6cefb58d7}</UniqueIdentifier>
    </Filter>
    <Filter Include="04. UI\UI\04. DamageFont\DamageTexture">
      <UniqueIdentifier>{f0280f9a-2c00-4ec3-9b82-483ca9f4862f}</UniqueIdentifier>
    </Filter>
    <Filter Include="04. UI\UI\04. DamageFont\UI_DamageFont_Manager">
      <UniqueIdentifier>{80d66981-f4f5-44e6-b2bc-9e5386ba45fc}</UniqueIdentifier>
    </Filter>
    <Filter Include="03. Unit\NPC">
      <UniqueIdentifier>{d4f8f704-4608-426d-bcd8-da565b9e5e2b}</UniqueIdentifier>
    </Filter>
    <Filter Include="03. Unit\NPC\QuestNPC">
      <UniqueIdentifier>{2024ea61-ac62-47ec-8889-75f3613feb5a}</UniqueIdentifier>
    </Filter>
    <Filter Include="04. UI\UI\05. Q_Mark">
      <UniqueIdentifier>{c618fa23-8d1f-4b03-9e95-3167000e3cc3}</UniqueIdentifier>
    </Filter>
    <Filter Include="04. UI\UI\06. Dialog">
      <UniqueIdentifier>{67a294fe-ee93-4758-877d-039ab55e01af}</UniqueIdentifier>
    </Filter>
    <Filter Include="03. Unit\NPC\GroceryNPC">
      <UniqueIdentifier>{78389cd4-7f0e-4228-a003-2225ce63a89d}</UniqueIdentifier>
    </Filter>
    <Filter Include="03. Unit\NPC\WeaponNPC">
      <UniqueIdentifier>{89760bc3-664a-47a8-a403-607e51f753e1}</UniqueIdentifier>
    </Filter>
    <Filter Include="03. Unit\NPC\ContentsNPC">
      <UniqueIdentifier>{72aa36ce-0fe2-4b4a-97fa-bce0b310abb4}</UniqueIdentifier>
    </Filter>
    <Filter Include="03. Unit\NPC\CGuardNPC">
      <UniqueIdentifier>{d9f29ee1-9d3e-431c-9a13-5f230dd9ecc9}</UniqueIdentifier>
    </Filter>
    <Filter Include="03. Unit\NPC\CartNPC">
      <UniqueIdentifier>{4cfd8edc-4bfd-45e9-a3c3-be34bc89d9cc}</UniqueIdentifier>
    </Filter>
    <Filter Include="03. Unit\NPC\CitizenNPC">
      <UniqueIdentifier>{e9880929-300e-484f-843a-a4a3e0255bf0}</UniqueIdentifier>
    </Filter>
    <Filter Include="03. Unit\NPC\CitizenNPC\BoyNPC">
      <UniqueIdentifier>{933ec808-faba-42e7-84b1-579a9394169d}</UniqueIdentifier>
    </Filter>
    <Filter Include="03. Unit\NPC\CitizenNPC\GirlNPC">
      <UniqueIdentifier>{48d07942-0b6b-451d-ab6d-8ace65281ffc}</UniqueIdentifier>
    </Filter>
    <Filter Include="03. Unit\NPC\CitizenNPC\PoporiKids">
      <UniqueIdentifier>{65928a66-7244-4d29-aaa5-5847511ff806}</UniqueIdentifier>
    </Filter>
    <Filter Include="03. Unit\NPC\CitizenNPC\PoporiKids\PoporiKidB">
      <UniqueIdentifier>{18f1edf9-91f4-468b-a447-46cd2126980a}</UniqueIdentifier>
    </Filter>
    <Filter Include="03. Unit\NPC\CitizenNPC\PoporiKids\PoporiKidC">
      <UniqueIdentifier>{ce97a0ac-ecf5-4ea3-9649-d89e790de16c}</UniqueIdentifier>
    </Filter>
    <Filter Include="03. Unit\NPC\CitizenNPC\PoporiKids\PoporiKidA">
      <UniqueIdentifier>{fbe1ef79-21cf-4bc6-8c65-ea3aab5e1d68}</UniqueIdentifier>
    </Filter>
    <Filter Include="03. Unit\NPC\CitizenNPC\Animals">
      <UniqueIdentifier>{bd5e8dd0-c58c-4e8b-972e-1534862c37af}</UniqueIdentifier>
    </Filter>
    <Filter Include="03. Unit\NPC\CitizenNPC\Animals\CatNPC">
      <UniqueIdentifier>{a88cf1af-1d0f-4989-b930-abb5bcf47bdc}</UniqueIdentifier>
    </Filter>
    <Filter Include="03. Unit\NPC\CitizenNPC\Animals\DogNPC">
      <UniqueIdentifier>{bfe2f3af-b628-4ff9-a454-f5d3d49c07bc}</UniqueIdentifier>
    </Filter>
    <Filter Include="03. Unit\NPC\CitizenNPC\Animals\LionNPC">
      <UniqueIdentifier>{82cbfae6-db6f-48db-b4e7-e8bb31abb074}</UniqueIdentifier>
    </Filter>
    <Filter Include="05. Sound">
      <UniqueIdentifier>{1d974839-f0a7-47ec-9818-8c363a7ab5c5}</UniqueIdentifier>
    </Filter>
    <Filter Include="05. Sound\SoundManager">
      <UniqueIdentifier>{3222302d-87fc-4ece-a2c9-d5a56848e8f8}</UniqueIdentifier>
    </Filter>
    <Filter Include="06. Effect">
      <UniqueIdentifier>{87bfd20d-7051-4871-8438-be58921c0865}</UniqueIdentifier>
    </Filter>
    <Filter Include="06. Effect\HitEffect">
      <UniqueIdentifier>{bde83589-02f4-4d40-a482-134f2222f62f}</UniqueIdentifier>
    </Filter>
    <Filter Include="06. Effect\SwordScarEffect">
      <UniqueIdentifier>{37682869-cf6d-477c-b9d3-f8862a71a2a5}</UniqueIdentifier>
    </Filter>
    <Filter Include="04. UI\UI\07. Inventory">
      <UniqueIdentifier>{6903f800-80e4-455a-ac68-b9904a7bd600}</UniqueIdentifier>
    </Filter>
    <Filter Include="04. UI\UI\08. MouseCursor">
      <UniqueIdentifier>{51d1e8e9-5ca8-4f76-8fe9-663c0a3777b7}</UniqueIdentifier>
    </Filter>
  </ItemGroup>
  <ItemGroup>
    <Text Include="ReadMe.txt" />
  </ItemGroup>
  <ItemGroup>
    <ClInclude Include="Client.h">
      <Filter>99. Default</Filter>
    </ClInclude>
    <ClInclude Include="Resource.h">
      <Filter>99. Default</Filter>
    </ClInclude>
    <ClInclude Include="stdafx.h">
      <Filter>99. Default</Filter>
    </ClInclude>
    <ClInclude Include="targetver.h">
      <Filter>99. Default</Filter>
    </ClInclude>
    <ClInclude Include="..\Headers\MainApp.h">
      <Filter>00. MainApp</Filter>
    </ClInclude>
    <ClInclude Include="..\Headers\Defines.h">
      <Filter>98. Headers</Filter>
    </ClInclude>
    <ClInclude Include="..\Headers\Scene_Logo.h">
      <Filter>01. Scene\01. Scene_Logo</Filter>
    </ClInclude>
    <ClInclude Include="..\Headers\Back_Logo.h">
      <Filter>02. GameObject\00. Logo\BackGround // 안씀</Filter>
    </ClInclude>
    <ClInclude Include="..\Headers\Scene_Stage.h">
      <Filter>01. Scene\02. Scene_Stage</Filter>
    </ClInclude>
    <ClInclude Include="..\Headers\Terrain.h">
      <Filter>02. GameObject\01. Stage\Terrain</Filter>
    </ClInclude>
    <ClInclude Include="..\Headers\UI.h">
      <Filter>04. UI\UI</Filter>
    </ClInclude>
    <ClInclude Include="..\Headers\Camera_Dynamic.h">
      <Filter>02. GameObject\99. Public\Camera\Dynamic</Filter>
    </ClInclude>
    <ClInclude Include="..\Headers\Player.h">
      <Filter>03. Unit\Player</Filter>
    </ClInclude>
    <ClInclude Include="..\Headers\SkyBox.h">
      <Filter>02. GameObject\01. Stage\SkyBox</Filter>
    </ClInclude>
    <ClInclude Include="..\Headers\Weapon.h">
      <Filter>03. Unit\Player\Weapon</Filter>
    </ClInclude>
    <ClInclude Include="..\Headers\Camera_Static.h">
      <Filter>02. GameObject\99. Public\Camera\Static</Filter>
    </ClInclude>
    <ClInclude Include="..\Headers\Loading.h">
      <Filter>01. Scene\99. Loading</Filter>
    </ClInclude>
    <ClInclude Include="..\Headers\PlayerState.h">
      <Filter>03. Unit\Player\PlayerState</Filter>
    </ClInclude>
    <ClInclude Include="..\Headers\Unit.h">
      <Filter>03. Unit</Filter>
    </ClInclude>
    <ClInclude Include="..\Headers\Player_Move.h">
      <Filter>03. Unit\Player\PlayerState\01. Move</Filter>
    </ClInclude>
    <ClInclude Include="..\Headers\TerrainObject.h">
      <Filter>02. GameObject\99. Public\TerrainObject</Filter>
    </ClInclude>
    <ClInclude Include="..\Headers\Player_WeaponState.h">
      <Filter>03. Unit\Player\PlayerState\02. WeaponState</Filter>
    </ClInclude>
    <ClInclude Include="..\Headers\Player_AttackCombo.h">
      <Filter>03. Unit\Player\PlayerState\03. Attack_Combo%28Normal%29\Attack</Filter>
    </ClInclude>
    <ClInclude Include="..\Headers\Player_AttackCombo_R.h">
      <Filter>03. Unit\Player\PlayerState\03. Attack_Combo%28Normal%29\Release</Filter>
    </ClInclude>
    <ClInclude Include="..\Headers\Player_Skill_CutHead.h">
      <Filter>03. Unit\Player\PlayerState\04. Skill\01. CutHead</Filter>
    </ClInclude>
    <ClInclude Include="..\Headers\Player_Skill_CuttingSlash.h">
      <Filter>03. Unit\Player\PlayerState\04. Skill\02. CuttingSlash</Filter>
    </ClInclude>
    <ClInclude Include="..\Headers\Player_Skill_FlatBlade.h">
      <Filter>03. Unit\Player\PlayerState\04. Skill\03. FlatBlade</Filter>
    </ClInclude>
    <ClInclude Include="..\Headers\Player_Skill_HandySlash.h">
      <Filter>03. Unit\Player\PlayerState\04. Skill\04. HandySlash</Filter>
    </ClInclude>
    <ClInclude Include="..\Headers\Player_Skill_JawBreaker.h">
      <Filter>03. Unit\Player\PlayerState\04. Skill\05. JawBreaker</Filter>
    </ClInclude>
    <ClInclude Include="..\Headers\Player_Skill_StingerBlade.h">
      <Filter>03. Unit\Player\PlayerState\04. Skill\06. StingerBlade</Filter>
    </ClInclude>
    <ClInclude Include="..\Headers\Player_Skill_DrawSword.h">
      <Filter>03. Unit\Player\PlayerState\04. Skill\08. DrawSword\04. Attack</Filter>
    </ClInclude>
    <ClInclude Include="..\Headers\Player_Skill_DrawSword_Charge.h">
      <Filter>03. Unit\Player\PlayerState\04. Skill\08. DrawSword\01. Charge</Filter>
    </ClInclude>
    <ClInclude Include="..\Headers\Player_Skill_DrawSword_Loop.h">
      <Filter>03. Unit\Player\PlayerState\04. Skill\08. DrawSword\02. Loop</Filter>
    </ClInclude>
    <ClInclude Include="..\Headers\Player_Skill_DrawSword_Move.h">
      <Filter>03. Unit\Player\PlayerState\04. Skill\08. DrawSword\03. Move</Filter>
    </ClInclude>
    <ClInclude Include="..\Headers\Player_Skill_DrawSword_End.h">
      <Filter>03. Unit\Player\PlayerState\04. Skill\08. DrawSword\05. End</Filter>
    </ClInclude>
    <ClInclude Include="..\Headers\Player_Sit.h">
      <Filter>03. Unit\Player\PlayerState\05. Sit</Filter>
    </ClInclude>
    <ClInclude Include="..\Headers\Player_Hit.h">
      <Filter>03. Unit\Player\PlayerState\06. Hit\Hit</Filter>
    </ClInclude>
    <ClInclude Include="..\Headers\Player_KnockDown.h">
      <Filter>03. Unit\Player\PlayerState\06. Hit\KnockDown</Filter>
    </ClInclude>
    <ClInclude Include="..\Headers\Player_Wake.h">
      <Filter>03. Unit\Player\PlayerState\06. Hit\Wake</Filter>
    </ClInclude>
    <ClInclude Include="..\Headers\Player_Skill_RagingStrike.h">
      <Filter>03. Unit\Player\PlayerState\04. Skill\07. RagingStrike</Filter>
    </ClInclude>
    <ClInclude Include="..\Headers\Player_HitRolling.h">
      <Filter>03. Unit\Player\PlayerState\06. Hit\Rolling</Filter>
    </ClInclude>
    <ClInclude Include="..\Headers\Player_HitHigh.h">
      <Filter>03. Unit\Player\PlayerState\06. Hit\High</Filter>
    </ClInclude>
    <ClInclude Include="..\Headers\UI_Loading.h">
      <Filter>04. UI\UI\00. Loading</Filter>
    </ClInclude>
    <ClInclude Include="..\Headers\UI_PlayerPoint.h">
      <Filter>04. UI\UI\01. PlayerPoint%28Hp, Mp%29</Filter>
    </ClInclude>
    <ClInclude Include="..\Headers\UI_SkillBoard.h">
      <Filter>04. UI\UI\02. SkillBoard</Filter>
    </ClInclude>
    <ClInclude Include="..\Headers\Scene_Dragon.h">
      <Filter>01. Scene\03. Scene_Draon%27s Trail</Filter>
    </ClInclude>
    <ClInclude Include="..\Headers\Terrain_Dragon.h">
      <Filter>02. GameObject\02. Dragon%27s Trial\Terrain</Filter>
    </ClInclude>
    <ClInclude Include="..\Headers\SkyBox_Dragon.h">
      <Filter>02. GameObject\02. Dragon%27s Trial\SkyBox</Filter>
    </ClInclude>
    <ClInclude Include="..\Headers\Arkus.h">
      <Filter>03. Unit\Monster\Arkus</Filter>
    </ClInclude>
    <ClInclude Include="..\Headers\ArkusState.h">
      <Filter>03. Unit\Monster\Arkus\ArkusState</Filter>
    </ClInclude>
    <ClInclude Include="..\Headers\Arkus_Idle.h">
      <Filter>03. Unit\Monster\Arkus\ArkusState\00. Idle</Filter>
    </ClInclude>
    <ClInclude Include="..\Headers\Arkus_Apperance.h">
      <Filter>03. Unit\Monster\Arkus\ArkusState\01. Apperance</Filter>
    </ClInclude>
    <ClInclude Include="..\Headers\Arkus_Rush.h">
      <Filter>03. Unit\Monster\Arkus\ArkusState\04. Rush</Filter>
    </ClInclude>
    <ClInclude Include="..\Headers\Arkus_Run.h">
      <Filter>03. Unit\Monster\Arkus\ArkusState\02. Run</Filter>
    </ClInclude>
    <ClInclude Include="..\Headers\Arkus_Attack.h">
      <Filter>03. Unit\Monster\Arkus\ArkusState\03. Attack</Filter>
    </ClInclude>
    <ClInclude Include="..\Headers\Monster.h">
      <Filter>03. Unit\Monster\Monster%28안씀%29</Filter>
    </ClInclude>
    <ClInclude Include="..\Headers\Player_Skill_Tumbling.h">
      <Filter>03. Unit\Player\PlayerState\04. Skill\09. Tumbling</Filter>
    </ClInclude>
    <ClInclude Include="..\Headers\Arkus_JumpEvasion.h">
      <Filter>03. Unit\Monster\Arkus\ArkusState\05. JumpEvasion</Filter>
    </ClInclude>
    <ClInclude Include="..\Headers\Arkus_Hit.h">
      <Filter>03. Unit\Monster\Arkus\ArkusState\06. Hit</Filter>
    </ClInclude>
    <ClInclude Include="..\Headers\Arkus_Groggy.h">
      <Filter>03. Unit\Monster\Arkus\ArkusState\07. Groggy</Filter>
    </ClInclude>
    <ClInclude Include="..\Headers\Arkus_AlmostDead.h">
      <Filter>03. Unit\Monster\Arkus\ArkusState\08. AlmostDead</Filter>
    </ClInclude>
    <ClInclude Include="..\Headers\Arkus_Death.h">
      <Filter>03. Unit\Monster\Arkus\ArkusState\09. Death</Filter>
    </ClInclude>
    <ClInclude Include="..\Headers\Scene_Loading.h">
      <Filter>01. Scene\98. Scene_Loading</Filter>
    </ClInclude>
    <ClInclude Include="..\Headers\UI_BossPoint.h">
      <Filter>04. UI\UI\03. BossPoint</Filter>
    </ClInclude>
    <ClInclude Include="..\Headers\UI_DamageTexture.h">
      <Filter>04. UI\UI\04. DamageFont\DamageTexture</Filter>
    </ClInclude>
    <ClInclude Include="..\Headers\UI_DamageFont_Manager.h">
      <Filter>04. UI\UI\04. DamageFont\UI_DamageFont_Manager</Filter>
    </ClInclude>
    <ClInclude Include="..\Headers\QuestNPC.h">
      <Filter>03. Unit\NPC\QuestNPC</Filter>
    </ClInclude>
    <ClInclude Include="..\Headers\QMark.h">
      <Filter>04. UI\UI\05. Q_Mark</Filter>
    </ClInclude>
    <ClInclude Include="..\Headers\UI_Dialog.h">
      <Filter>04. UI\UI\06. Dialog</Filter>
    </ClInclude>
    <ClInclude Include="..\Headers\NPC.h">
      <Filter>03. Unit\NPC</Filter>
    </ClInclude>
    <ClInclude Include="..\Headers\GroceryNPC.h">
      <Filter>03. Unit\NPC\GroceryNPC</Filter>
    </ClInclude>
    <ClInclude Include="..\Headers\WeaponNPC.h">
      <Filter>03. Unit\NPC\WeaponNPC</Filter>
    </ClInclude>
    <ClInclude Include="..\Headers\ContentsNPC.h">
      <Filter>03. Unit\NPC\ContentsNPC</Filter>
    </ClInclude>
    <ClInclude Include="..\Headers\GuardNPC.h">
      <Filter>03. Unit\NPC\CGuardNPC</Filter>
    </ClInclude>
    <ClInclude Include="..\Headers\CartNPC.h">
      <Filter>03. Unit\NPC\CartNPC</Filter>
    </ClInclude>
    <ClInclude Include="..\Headers\BoyNPC.h">
      <Filter>03. Unit\NPC\CitizenNPC\BoyNPC</Filter>
    </ClInclude>
    <ClInclude Include="..\Headers\GirlNPC.h">
      <Filter>03. Unit\NPC\CitizenNPC\GirlNPC</Filter>
    </ClInclude>
    <ClInclude Include="..\Headers\CatNPC.h">
      <Filter>03. Unit\NPC\CitizenNPC\Animals\CatNPC</Filter>
    </ClInclude>
    <ClInclude Include="..\Headers\DogNPC.h">
      <Filter>03. Unit\NPC\CitizenNPC\Animals\DogNPC</Filter>
    </ClInclude>
    <ClInclude Include="..\Headers\LionNPC.h">
      <Filter>03. Unit\NPC\CitizenNPC\Animals\LionNPC</Filter>
    </ClInclude>
    <ClInclude Include="..\Headers\PoporiKidA.h">
      <Filter>03. Unit\NPC\CitizenNPC\PoporiKids\PoporiKidA</Filter>
    </ClInclude>
    <ClInclude Include="..\Headers\PoporiKidB.h">
      <Filter>03. Unit\NPC\CitizenNPC\PoporiKids\PoporiKidB</Filter>
    </ClInclude>
    <ClInclude Include="..\Headers\PoporiKidC.h">
      <Filter>03. Unit\NPC\CitizenNPC\PoporiKids\PoporiKidC</Filter>
    </ClInclude>
    <ClInclude Include="..\Headers\Player_Idle.h">
      <Filter>03. Unit\Player\PlayerState\00. Idle</Filter>
    </ClInclude>
    <ClInclude Include="..\Headers\SoundManager.h">
      <Filter>05. Sound\SoundManager</Filter>
    </ClInclude>
    <ClInclude Include="..\Headers\Effect.h">
      <Filter>06. Effect</Filter>
    </ClInclude>
    <ClInclude Include="..\Headers\HitEffect.h">
      <Filter>06. Effect\HitEffect</Filter>
    </ClInclude>
    <ClInclude Include="..\Headers\SwordScarEffect.h">
      <Filter>06. Effect\SwordScarEffect</Filter>
    </ClInclude>
    <ClInclude Include="..\Headers\UI_Inventory.h">
      <Filter>04. UI\UI\07. Inventory</Filter>
    </ClInclude>
    <ClInclude Include="..\Headers\UI_MouseCursor.h">
      <Filter>04. UI\UI\08. MouseCursor</Filter>
    </ClInclude>
  </ItemGroup>
  <ItemGroup>
    <ClCompile Include="stdafx.cpp">
      <Filter>99. Default</Filter>
    </ClCompile>
    <ClCompile Include="Client.cpp">
      <Filter>99. Default</Filter>
    </ClCompile>
    <ClCompile Include="..\Codes\MainApp.cpp">
      <Filter>00. MainApp</Filter>
    </ClCompile>
    <ClCompile Include="..\Codes\Scene_Logo.cpp">
      <Filter>01. Scene\01. Scene_Logo</Filter>
    </ClCompile>
    <ClCompile Include="..\Codes\Back_Logo.cpp">
      <Filter>02. GameObject\00. Logo\BackGround // 안씀</Filter>
    </ClCompile>
    <ClCompile Include="..\Codes\Scene_Stage.cpp">
      <Filter>01. Scene\02. Scene_Stage</Filter>
    </ClCompile>
    <ClCompile Include="..\Codes\Terrain.cpp">
      <Filter>02. GameObject\01. Stage\Terrain</Filter>
    </ClCompile>
    <ClCompile Include="..\Codes\UI.cpp">
      <Filter>04. UI\UI</Filter>
    </ClCompile>
    <ClCompile Include="..\Codes\Camera_Dynamic.cpp">
      <Filter>02. GameObject\99. Public\Camera\Dynamic</Filter>
    </ClCompile>
    <ClCompile Include="..\Codes\Player.cpp">
      <Filter>03. Unit\Player</Filter>
    </ClCompile>
    <ClCompile Include="..\Codes\SkyBox.cpp">
      <Filter>02. GameObject\01. Stage\SkyBox</Filter>
    </ClCompile>
    <ClCompile Include="..\Codes\Weapon.cpp">
      <Filter>03. Unit\Player\Weapon</Filter>
    </ClCompile>
    <ClCompile Include="..\Codes\Camera_Static.cpp">
      <Filter>02. GameObject\99. Public\Camera\Static</Filter>
    </ClCompile>
    <ClCompile Include="..\Codes\Loading.cpp">
      <Filter>01. Scene\99. Loading</Filter>
    </ClCompile>
    <ClCompile Include="..\Codes\PlayerState.cpp">
      <Filter>03. Unit\Player\PlayerState</Filter>
    </ClCompile>
    <ClCompile Include="..\Codes\Player_Idle.cpp">
      <Filter>03. Unit\Player\PlayerState\00. Idle</Filter>
    </ClCompile>
    <ClCompile Include="..\Codes\Unit.cpp">
      <Filter>03. Unit</Filter>
    </ClCompile>
    <ClCompile Include="..\Codes\Player_Move.cpp">
      <Filter>03. Unit\Player\PlayerState\01. Move</Filter>
    </ClCompile>
    <ClCompile Include="..\Codes\TerrainObject.cpp">
      <Filter>02. GameObject\99. Public\TerrainObject</Filter>
    </ClCompile>
    <ClCompile Include="..\Codes\Player_WeaponState.cpp">
      <Filter>03. Unit\Player\PlayerState\02. WeaponState</Filter>
    </ClCompile>
    <ClCompile Include="..\Codes\Player_AttackCombo.cpp">
      <Filter>03. Unit\Player\PlayerState\03. Attack_Combo%28Normal%29\Attack</Filter>
    </ClCompile>
    <ClCompile Include="..\Codes\Player_AttackCombo_R.cpp">
      <Filter>03. Unit\Player\PlayerState\03. Attack_Combo%28Normal%29\Release</Filter>
    </ClCompile>
    <ClCompile Include="..\Codes\Player_Skill_CutHead.cpp">
      <Filter>03. Unit\Player\PlayerState\04. Skill\01. CutHead</Filter>
    </ClCompile>
    <ClCompile Include="..\Codes\Player_Skill_CuttingSlash.cpp">
      <Filter>03. Unit\Player\PlayerState\04. Skill\02. CuttingSlash</Filter>
    </ClCompile>
    <ClCompile Include="..\Codes\Player_Skill_FlatBlade.cpp">
      <Filter>03. Unit\Player\PlayerState\04. Skill\03. FlatBlade</Filter>
    </ClCompile>
    <ClCompile Include="..\Codes\Player_Skill_HandySlash.cpp">
      <Filter>03. Unit\Player\PlayerState\04. Skill\04. HandySlash</Filter>
    </ClCompile>
    <ClCompile Include="..\Codes\Player_Skill_JawBreaker.cpp">
      <Filter>03. Unit\Player\PlayerState\04. Skill\05. JawBreaker</Filter>
    </ClCompile>
    <ClCompile Include="..\Codes\Player_Skill_StingerBlade.cpp">
      <Filter>03. Unit\Player\PlayerState\04. Skill\06. StingerBlade</Filter>
    </ClCompile>
    <ClCompile Include="..\Codes\Player_Skill_DrawSword.cpp">
      <Filter>03. Unit\Player\PlayerState\04. Skill\08. DrawSword\04. Attack</Filter>
    </ClCompile>
    <ClCompile Include="..\Codes\Player_Skill_DrawSword_Charge.cpp">
      <Filter>03. Unit\Player\PlayerState\04. Skill\08. DrawSword\01. Charge</Filter>
    </ClCompile>
    <ClCompile Include="..\Codes\Player_Skill_DrawSword_Loop.cpp">
      <Filter>03. Unit\Player\PlayerState\04. Skill\08. DrawSword\02. Loop</Filter>
    </ClCompile>
    <ClCompile Include="..\Codes\Player_Skill_DrawSword_Move.cpp">
      <Filter>03. Unit\Player\PlayerState\04. Skill\08. DrawSword\03. Move</Filter>
    </ClCompile>
    <ClCompile Include="..\Codes\Player_Skill_DrawSword_End.cpp">
      <Filter>03. Unit\Player\PlayerState\04. Skill\08. DrawSword\05. End</Filter>
    </ClCompile>
    <ClCompile Include="..\Codes\Player_Sit.cpp">
      <Filter>03. Unit\Player\PlayerState\05. Sit</Filter>
    </ClCompile>
    <ClCompile Include="..\Codes\Player_Hit.cpp">
      <Filter>03. Unit\Player\PlayerState\06. Hit\Hit</Filter>
    </ClCompile>
    <ClCompile Include="..\Codes\Player_KnockDown.cpp">
      <Filter>03. Unit\Player\PlayerState\06. Hit\KnockDown</Filter>
    </ClCompile>
    <ClCompile Include="..\Codes\Player_Wake.cpp">
      <Filter>03. Unit\Player\PlayerState\06. Hit\Wake</Filter>
    </ClCompile>
    <ClCompile Include="..\Codes\Player_Skill_RagingStrike.cpp">
      <Filter>03. Unit\Player\PlayerState\04. Skill\07. RagingStrike</Filter>
    </ClCompile>
    <ClCompile Include="..\Codes\Player_HitRolling.cpp">
      <Filter>03. Unit\Player\PlayerState\06. Hit\Rolling</Filter>
    </ClCompile>
    <ClCompile Include="..\Codes\Player_Skill_Tumbling.cpp">
      <Filter>03. Unit\Player\PlayerState\04. Skill\09. Tumbling</Filter>
    </ClCompile>
    <ClCompile Include="..\Codes\Player_HitHigh.cpp">
      <Filter>03. Unit\Player\PlayerState\06. Hit\High</Filter>
    </ClCompile>
    <ClCompile Include="..\Codes\UI_Loading.cpp">
      <Filter>04. UI\UI\00. Loading</Filter>
    </ClCompile>
    <ClCompile Include="..\Codes\UI_PlayerPoint.cpp">
      <Filter>04. UI\UI\01. PlayerPoint%28Hp, Mp%29</Filter>
    </ClCompile>
    <ClCompile Include="..\Codes\UI_SkillBoard.cpp">
      <Filter>04. UI\UI\02. SkillBoard</Filter>
    </ClCompile>
    <ClCompile Include="..\Codes\Scene_Dragon.cpp">
      <Filter>01. Scene\03. Scene_Draon%27s Trail</Filter>
    </ClCompile>
    <ClCompile Include="..\Codes\SkyBox_Dragon.cpp">
      <Filter>02. GameObject\02. Dragon%27s Trial\SkyBox</Filter>
    </ClCompile>
    <ClCompile Include="..\Codes\Terrain_Dragon.cpp">
      <Filter>02. GameObject\02. Dragon%27s Trial\Terrain</Filter>
    </ClCompile>
    <ClCompile Include="..\Codes\Arkus.cpp">
      <Filter>03. Unit\Monster\Arkus</Filter>
    </ClCompile>
    <ClCompile Include="..\Codes\ArkusState.cpp">
      <Filter>03. Unit\Monster\Arkus\ArkusState</Filter>
    </ClCompile>
    <ClCompile Include="..\Codes\Arkus_Idle.cpp">
      <Filter>03. Unit\Monster\Arkus\ArkusState\00. Idle</Filter>
    </ClCompile>
    <ClCompile Include="..\Codes\Arkus_Apperance.cpp">
      <Filter>03. Unit\Monster\Arkus\ArkusState\01. Apperance</Filter>
    </ClCompile>
    <ClCompile Include="..\Codes\Arkus_Rush.cpp">
      <Filter>03. Unit\Monster\Arkus\ArkusState\04. Rush</Filter>
    </ClCompile>
    <ClCompile Include="..\Codes\Arkus_Run.cpp">
      <Filter>03. Unit\Monster\Arkus\ArkusState\02. Run</Filter>
    </ClCompile>
    <ClCompile Include="..\Codes\Arkus_Attack.cpp">
      <Filter>03. Unit\Monster\Arkus\ArkusState\03. Attack</Filter>
    </ClCompile>
    <ClCompile Include="..\Codes\Monster.cpp">
      <Filter>03. Unit\Monster\Monster%28안씀%29</Filter>
    </ClCompile>
    <ClCompile Include="..\Codes\Arkus_JumpEvasion.cpp">
      <Filter>03. Unit\Monster\Arkus\ArkusState\05. JumpEvasion</Filter>
    </ClCompile>
    <ClCompile Include="..\Codes\Arkus_Hit.cpp">
      <Filter>03. Unit\Monster\Arkus\ArkusState\06. Hit</Filter>
    </ClCompile>
    <ClCompile Include="..\Codes\Arkus_Groggy.cpp">
      <Filter>03. Unit\Monster\Arkus\ArkusState\07. Groggy</Filter>
    </ClCompile>
    <ClCompile Include="..\Codes\Arkus_AlmostDead.cpp">
      <Filter>03. Unit\Monster\Arkus\ArkusState\08. AlmostDead</Filter>
    </ClCompile>
    <ClCompile Include="..\Codes\Arkus_Death.cpp">
      <Filter>03. Unit\Monster\Arkus\ArkusState\09. Death</Filter>
    </ClCompile>
    <ClCompile Include="..\Codes\Scene_Loading.cpp">
      <Filter>01. Scene\98. Scene_Loading</Filter>
    </ClCompile>
    <ClCompile Include="..\Codes\UI_BossPoint.cpp">
      <Filter>04. UI\UI\03. BossPoint</Filter>
    </ClCompile>
    <ClCompile Include="..\Codes\UI_DamageTexture.cpp">
      <Filter>04. UI\UI\04. DamageFont\DamageTexture</Filter>
    </ClCompile>
    <ClCompile Include="..\Codes\UI_DamageFont_Manager.cpp">
      <Filter>04. UI\UI\04. DamageFont\UI_DamageFont_Manager</Filter>
    </ClCompile>
    <ClCompile Include="..\Codes\QuestNPC.cpp">
      <Filter>03. Unit\NPC\QuestNPC</Filter>
    </ClCompile>
    <ClCompile Include="..\Codes\QMark.cpp">
      <Filter>04. UI\UI\05. Q_Mark</Filter>
    </ClCompile>
    <ClCompile Include="..\Codes\UI_Dialog.cpp">
      <Filter>04. UI\UI\06. Dialog</Filter>
    </ClCompile>
    <ClCompile Include="..\Codes\NPC.cpp">
      <Filter>03. Unit\NPC</Filter>
    </ClCompile>
    <ClCompile Include="..\Codes\GroceryNPC.cpp">
      <Filter>03. Unit\NPC\GroceryNPC</Filter>
    </ClCompile>
    <ClCompile Include="..\Codes\WeaponNPC.cpp">
      <Filter>03. Unit\NPC\WeaponNPC</Filter>
    </ClCompile>
    <ClCompile Include="..\Codes\ContentsNPC.cpp">
      <Filter>03. Unit\NPC\ContentsNPC</Filter>
    </ClCompile>
    <ClCompile Include="..\Codes\GuardNPC.cpp">
      <Filter>03. Unit\NPC\CGuardNPC</Filter>
    </ClCompile>
    <ClCompile Include="..\Codes\CartNPC.cpp">
      <Filter>03. Unit\NPC\CartNPC</Filter>
    </ClCompile>
    <ClCompile Include="..\Codes\BoyNPC.cpp">
      <Filter>03. Unit\NPC\CitizenNPC\BoyNPC</Filter>
    </ClCompile>
    <ClCompile Include="..\Codes\GirlNPC.cpp">
      <Filter>03. Unit\NPC\CitizenNPC\GirlNPC</Filter>
    </ClCompile>
    <ClCompile Include="..\Codes\CatNPC.cpp">
      <Filter>03. Unit\NPC\CitizenNPC\Animals\CatNPC</Filter>
    </ClCompile>
    <ClCompile Include="..\Codes\DogNPC.cpp">
      <Filter>03. Unit\NPC\CitizenNPC\Animals\DogNPC</Filter>
    </ClCompile>
    <ClCompile Include="..\Codes\LionNPC.cpp">
      <Filter>03. Unit\NPC\CitizenNPC\Animals\LionNPC</Filter>
    </ClCompile>
    <ClCompile Include="..\Codes\PoporiKidA.cpp">
      <Filter>03. Unit\NPC\CitizenNPC\PoporiKids\PoporiKidA</Filter>
    </ClCompile>
    <ClCompile Include="..\Codes\PoporiKidB.cpp">
      <Filter>03. Unit\NPC\CitizenNPC\PoporiKids\PoporiKidB</Filter>
    </ClCompile>
    <ClCompile Include="..\Codes\PoporiKidC.cpp">
      <Filter>03. Unit\NPC\CitizenNPC\PoporiKids\PoporiKidC</Filter>
    </ClCompile>
    <ClCompile Include="..\Codes\SoundManager.cpp">
      <Filter>05. Sound\SoundManager</Filter>
    </ClCompile>
    <ClCompile Include="..\Codes\Effect.cpp">
      <Filter>06. Effect</Filter>
    </ClCompile>
    <ClCompile Include="..\Codes\HitEffect.cpp">
      <Filter>06. Effect\HitEffect</Filter>
    </ClCompile>
    <ClCompile Include="..\Codes\SwordScarEffect.cpp">
      <Filter>06. Effect\SwordScarEffect</Filter>
    </ClCompile>
    <ClCompile Include="..\Codes\UI_Inventory.cpp">
      <Filter>04. UI\UI\07. Inventory</Filter>
    </ClCompile>
    <ClCompile Include="..\Codes\UI_MouseCursor.cpp">
      <Filter>04. UI\UI\08. MouseCursor</Filter>
    </ClCompile>
  </ItemGroup>
  <ItemGroup>
    <Image Include="small.ico">
      <Filter>99. Default</Filter>
    </Image>
    <Image Include="Client.ico">
      <Filter>99. Default</Filter>
    </Image>
  </ItemGroup>
  <ItemGroup>
    <ResourceCompile Include="Client.rc">
      <Filter>99. Default</Filter>
    </ResourceCompile>
  </ItemGroup>
  <ItemGroup>
    <FxCompile Include="..\Bin\ShaderFiles\Shader_Default.fx">
      <Filter>97. ShaderFiles</Filter>
    </FxCompile>
    <FxCompile Include="..\Bin\ShaderFiles\Shader_Mesh.fx">
      <Filter>97. ShaderFiles</Filter>
    </FxCompile>
    <FxCompile Include="..\Bin\ShaderFiles\Shader_Sky.fx">
      <Filter>97. ShaderFiles</Filter>
    </FxCompile>
    <FxCompile Include="..\Bin\ShaderFiles\Shader_Terrain.fx">
      <Filter>97. ShaderFiles</Filter>
    </FxCompile>
    <FxCompile Include="..\Bin\ShaderFiles\Shader_UI.fx">
      <Filter>97. ShaderFiles</Filter>
    </FxCompile>
    <FxCompile Include="..\Bin\ShaderFiles\Shader_Effect.fx">
      <Filter>97. ShaderFiles</Filter>
    </FxCompile>
  </ItemGroup>
</Project>