<?xml version="1.0" encoding="utf-8"?>
<Project ToolsVersion="4.0" xmlns="http://schemas.microsoft.com/developer/msbuild/2003">
  <ItemGroup>
    <Filter Include="00. MainFrame">
      <UniqueIdentifier>{a723117f-56fd-4566-91b8-a5322691fc6f}</UniqueIdentifier>
    </Filter>
    <Filter Include="01. View">
      <UniqueIdentifier>{0fb5ec24-6c64-499c-abaa-18780e579ce5}</UniqueIdentifier>
    </Filter>
    <Filter Include="02. MainApp">
      <UniqueIdentifier>{e0306fb7-958c-45a4-bdce-b0556a0e286b}</UniqueIdentifier>
    </Filter>
    <Filter Include="03. Scene">
      <UniqueIdentifier>{71be49a6-65d0-4c28-92fe-e1bb70a88810}</UniqueIdentifier>
    </Filter>
    <Filter Include="04. Utility">
      <UniqueIdentifier>{eed25131-ddd7-4213-a3f5-77d721b4c96d}</UniqueIdentifier>
    </Filter>
    <Filter Include="99. Headers">
      <UniqueIdentifier>{dd91bdd1-988f-4427-8e07-7637ef7b5701}</UniqueIdentifier>
    </Filter>
    <Filter Include="999. Default">
      <UniqueIdentifier>{b6d7b28b-55b4-4f07-b3ca-8b10a8e8905c}</UniqueIdentifier>
    </Filter>
    <Filter Include="999. Default\리소스 파일">
      <UniqueIdentifier>{67DA6AB6-F800-4c08-8B7A-83BB121AAD01}</UniqueIdentifier>
      <Extensions>rc;ico;cur;bmp;dlg;rc2;rct;bin;rgs;gif;jpg;jpeg;jpe;resx;tiff;tif;png;wav;mfcribbon-ms</Extensions>
    </Filter>
  </ItemGroup>
  <ItemGroup>
    <ClInclude Include="MainFrm.h">
      <Filter>00. MainFrame</Filter>
    </ClInclude>
    <ClInclude Include="MapToolEZView.h">
      <Filter>01. View</Filter>
    </ClInclude>
    <ClInclude Include="MapToolEZ.h">
      <Filter>999. Default</Filter>
    </ClInclude>
    <ClInclude Include="MapToolEZDoc.h">
      <Filter>999. Default</Filter>
    </ClInclude>
    <ClInclude Include="Resource.h">
      <Filter>999. Default</Filter>
    </ClInclude>
    <ClInclude Include="stdafx.h">
      <Filter>999. Default</Filter>
    </ClInclude>
    <ClInclude Include="targetver.h">
      <Filter>999. Default</Filter>
    </ClInclude>
    <ClInclude Include="Tool_Defines.h">
      <Filter>99. Headers</Filter>
    </ClInclude>
    <ClInclude Include="..\Headers\MainAppTool.h">
      <Filter>02. MainApp</Filter>
    </ClInclude>
  </ItemGroup>
  <ItemGroup>
    <ClCompile Include="MainFrm.cpp">
      <Filter>00. MainFrame</Filter>
    </ClCompile>
    <ClCompile Include="MapToolEZ.cpp">
      <Filter>999. Default</Filter>
    </ClCompile>
    <ClCompile Include="MapToolEZDoc.cpp">
      <Filter>999. Default</Filter>
    </ClCompile>
    <ClCompile Include="stdafx.cpp">
      <Filter>999. Default</Filter>
    </ClCompile>
    <ClCompile Include="MapToolEZView.cpp">
      <Filter>01. View</Filter>
    </ClCompile>
    <ClCompile Include="..\Codes\MainAppTool.cpp">
      <Filter>02. MainApp</Filter>
    </ClCompile>
  </ItemGroup>
  <ItemGroup>
    <ResourceCompile Include="MapToolEZ.rc">
      <Filter>999. Default\리소스 파일</Filter>
    </ResourceCompile>
  </ItemGroup>
  <ItemGroup>
    <None Include="res\MapToolEZ.rc2">
      <Filter>999. Default\리소스 파일</Filter>
    </None>
  </ItemGroup>
  <ItemGroup>
    <Image Include="res\MapToolEZDoc.ico">
      <Filter>999. Default\리소스 파일</Filter>
    </Image>
    <Image Include="res\MapToolEZ.ico">
      <Filter>999. Default\리소스 파일</Filter>
    </Image>
    <Image Include="res\Toolbar.bmp">
      <Filter>999. Default\리소스 파일</Filter>
    </Image>
  </ItemGroup>
  <ItemGroup>
    <Text Include="ReadMe.txt">
      <Filter>999. Default</Filter>
    </Text>
  </ItemGroup>
</Project>